// !$*UTF8*$!
{
	archiveVersion = 1;
	classes = {
	};
	objectVersion = 56;
	objects = {

/* Begin PBXBuildFile section */
		1A96BE2F2AAB39C6003DE05B /* AppConstants.swift in Sources */ = {isa = PBXBuildFile; fileRef = 1A96BE2E2AAB39C6003DE05B /* AppConstants.swift */; };
		1A96BE352AAB4747003DE05B /* Localizable.strings in Resources */ = {isa = PBXBuildFile; fileRef = 1A96BE372AAB4747003DE05B /* Localizable.strings */; };
		1A96BE3A2AAB48AD003DE05B /* Localized.swift in Sources */ = {isa = PBXBuildFile; fileRef = 1A96BE392AAB48AD003DE05B /* Localized.swift */; };
		1AA05F792AAAFA430084568F /* ThesisAccessibilityHelperApp.swift in Sources */ = {isa = PBXBuildFile; fileRef = 1AA05F782AAAFA430084568F /* ThesisAccessibilityHelperApp.swift */; };
		1AA05F7B2AAAFA430084568F /* ContentView.swift in Sources */ = {isa = PBXBuildFile; fileRef = 1AA05F7A2AAAFA430084568F /* ContentView.swift */; };
		1AA05F7D2AAAFA440084568F /* Assets.xcassets in Resources */ = {isa = PBXBuildFile; fileRef = 1AA05F7C2AAAFA440084568F /* Assets.xcassets */; };
		1AA05F802AAAFA440084568F /* Preview Assets.xcassets in Resources */ = {isa = PBXBuildFile; fileRef = 1AA05F7F2AAAFA440084568F /* Preview Assets.xcassets */; };
		1AA05F872AAAFBF30084568F /* GoogleService-Info.plist in Resources */ = {isa = PBXBuildFile; fileRef = 1AA05F862AAAFBF30084568F /* GoogleService-Info.plist */; };
		58CB5F85CE618AF4CF86BF2C /* Pods_ThesisAccessibilityHelper.framework in Frameworks */ = {isa = PBXBuildFile; fileRef = DD499F1BFD2F4609E9CC0129 /* Pods_ThesisAccessibilityHelper.framework */; };
/* End PBXBuildFile section */

/* Begin PBXFileReference section */
		1A96BE2E2AAB39C6003DE05B /* AppConstants.swift */ = {isa = PBXFileReference; lastKnownFileType = sourcecode.swift; path = AppConstants.swift; sourceTree = "<group>"; };
		1A96BE362AAB4747003DE05B /* en */ = {isa = PBXFileReference; lastKnownFileType = text.plist.strings; name = en; path = en.lproj/Localizable.strings; sourceTree = "<group>"; };
		1A96BE382AAB4756003DE05B /* hu */ = {isa = PBXFileReference; lastKnownFileType = text.plist.strings; name = hu; path = hu.lproj/Localizable.strings; sourceTree = "<group>"; };
		1A96BE392AAB48AD003DE05B /* Localized.swift */ = {isa = PBXFileReference; lastKnownFileType = sourcecode.swift; path = Localized.swift; sourceTree = "<group>"; };
		1AA05F752AAAFA430084568F /* ThesisAccessibilityHelper.app */ = {isa = PBXFileReference; explicitFileType = wrapper.application; includeInIndex = 0; path = ThesisAccessibilityHelper.app; sourceTree = BUILT_PRODUCTS_DIR; };
		1AA05F782AAAFA430084568F /* ThesisAccessibilityHelperApp.swift */ = {isa = PBXFileReference; lastKnownFileType = sourcecode.swift; path = ThesisAccessibilityHelperApp.swift; sourceTree = "<group>"; };
		1AA05F7A2AAAFA430084568F /* ContentView.swift */ = {isa = PBXFileReference; lastKnownFileType = sourcecode.swift; path = ContentView.swift; sourceTree = "<group>"; };
		1AA05F7C2AAAFA440084568F /* Assets.xcassets */ = {isa = PBXFileReference; lastKnownFileType = folder.assetcatalog; path = Assets.xcassets; sourceTree = "<group>"; };
		1AA05F7F2AAAFA440084568F /* Preview Assets.xcassets */ = {isa = PBXFileReference; lastKnownFileType = folder.assetcatalog; path = "Preview Assets.xcassets"; sourceTree = "<group>"; };
		1AA05F862AAAFBF30084568F /* GoogleService-Info.plist */ = {isa = PBXFileReference; fileEncoding = 4; lastKnownFileType = text.plist.xml; path = "GoogleService-Info.plist"; sourceTree = "<group>"; };
		72A052398BF7A2748003A60C /* Pods-ThesisAccessibilityHelper.release.xcconfig */ = {isa = PBXFileReference; includeInIndex = 1; lastKnownFileType = text.xcconfig; name = "Pods-ThesisAccessibilityHelper.release.xcconfig"; path = "Target Support Files/Pods-ThesisAccessibilityHelper/Pods-ThesisAccessibilityHelper.release.xcconfig"; sourceTree = "<group>"; };
		72B228165FA3EA003D4F0CCB /* Pods-ThesisAccessibilityHelper.debug.xcconfig */ = {isa = PBXFileReference; includeInIndex = 1; lastKnownFileType = text.xcconfig; name = "Pods-ThesisAccessibilityHelper.debug.xcconfig"; path = "Target Support Files/Pods-ThesisAccessibilityHelper/Pods-ThesisAccessibilityHelper.debug.xcconfig"; sourceTree = "<group>"; };
		DD499F1BFD2F4609E9CC0129 /* Pods_ThesisAccessibilityHelper.framework */ = {isa = PBXFileReference; explicitFileType = wrapper.framework; includeInIndex = 0; path = Pods_ThesisAccessibilityHelper.framework; sourceTree = BUILT_PRODUCTS_DIR; };
/* End PBXFileReference section */

/* Begin PBXFrameworksBuildPhase section */
		1AA05F722AAAFA430084568F /* Frameworks */ = {
			isa = PBXFrameworksBuildPhase;
			buildActionMask = 2147483647;
			files = (
				58CB5F85CE618AF4CF86BF2C /* Pods_ThesisAccessibilityHelper.framework in Frameworks */,
			);
			runOnlyForDeploymentPostprocessing = 0;
		};
/* End PBXFrameworksBuildPhase section */

/* Begin PBXGroup section */
		1A96BE2B2AAB38B6003DE05B /* Screens */ = {
			isa = PBXGroup;
			children = (
				1A96BE2C2AAB38C0003DE05B /* Home */,
			);
			path = Screens;
			sourceTree = "<group>";
		};
		1A96BE2C2AAB38C0003DE05B /* Home */ = {
			isa = PBXGroup;
			children = (
				1AA05F7A2AAAFA430084568F /* ContentView.swift */,
			);
			path = Home;
			sourceTree = "<group>";
		};
		1A96BE2D2AAB3959003DE05B /* Utils+Consts */ = {
			isa = PBXGroup;
			children = (
				1A96BE2E2AAB39C6003DE05B /* AppConstants.swift */,
			);
			path = "Utils+Consts";
			sourceTree = "<group>";
		};
		1A96BE302AAB3EE7003DE05B /* Common */ = {
			isa = PBXGroup;
			children = (
				1A96BE342AAB4708003DE05B /* Localize */,
				1A96BE312AAB3EF5003DE05B /* Components */,
			);
			path = Common;
			sourceTree = "<group>";
		};
		1A96BE312AAB3EF5003DE05B /* Components */ = {
			isa = PBXGroup;
			children = (
			);
			path = Components;
			sourceTree = "<group>";
		};
		1A96BE342AAB4708003DE05B /* Localize */ = {
			isa = PBXGroup;
			children = (
				1A96BE392AAB48AD003DE05B /* Localized.swift */,
				1A96BE372AAB4747003DE05B /* Localizable.strings */,
			);
			path = Localize;
			sourceTree = "<group>";
		};
		1AA05F6C2AAAFA430084568F = {
			isa = PBXGroup;
			children = (
				1AA05F772AAAFA430084568F /* ThesisAccessibilityHelper */,
				1AA05F762AAAFA430084568F /* Products */,
				E62254023F329070E6DD3982 /* Pods */,
				DC7DD037F0DACB8656998225 /* Frameworks */,
			);
			sourceTree = "<group>";
		};
		1AA05F762AAAFA430084568F /* Products */ = {
			isa = PBXGroup;
			children = (
				1AA05F752AAAFA430084568F /* ThesisAccessibilityHelper.app */,
			);
			name = Products;
			sourceTree = "<group>";
		};
		1AA05F772AAAFA430084568F /* ThesisAccessibilityHelper */ = {
			isa = PBXGroup;
			children = (
				1AA05F782AAAFA430084568F /* ThesisAccessibilityHelperApp.swift */,
				1A96BE302AAB3EE7003DE05B /* Common */,
				1A96BE2D2AAB3959003DE05B /* Utils+Consts */,
				1A96BE2B2AAB38B6003DE05B /* Screens */,
				1AA05F7C2AAAFA440084568F /* Assets.xcassets */,
				1AA05F862AAAFBF30084568F /* GoogleService-Info.plist */,
				1AA05F7E2AAAFA440084568F /* Preview Content */,
			);
			path = ThesisAccessibilityHelper;
			sourceTree = "<group>";
		};
		1AA05F7E2AAAFA440084568F /* Preview Content */ = {
			isa = PBXGroup;
			children = (
				1AA05F7F2AAAFA440084568F /* Preview Assets.xcassets */,
			);
			path = "Preview Content";
			sourceTree = "<group>";
		};
		DC7DD037F0DACB8656998225 /* Frameworks */ = {
			isa = PBXGroup;
			children = (
				DD499F1BFD2F4609E9CC0129 /* Pods_ThesisAccessibilityHelper.framework */,
			);
			name = Frameworks;
			sourceTree = "<group>";
		};
		E62254023F329070E6DD3982 /* Pods */ = {
			isa = PBXGroup;
			children = (
				72B228165FA3EA003D4F0CCB /* Pods-ThesisAccessibilityHelper.debug.xcconfig */,
				72A052398BF7A2748003A60C /* Pods-ThesisAccessibilityHelper.release.xcconfig */,
			);
			path = Pods;
			sourceTree = "<group>";
		};
/* End PBXGroup section */

/* Begin PBXNativeTarget section */
		1AA05F742AAAFA430084568F /* ThesisAccessibilityHelper */ = {
			isa = PBXNativeTarget;
			buildConfigurationList = 1AA05F832AAAFA440084568F /* Build configuration list for PBXNativeTarget "ThesisAccessibilityHelper" */;
			buildPhases = (
				558B385FD09A4E2ABE6F7724 /* [CP] Check Pods Manifest.lock */,
				1AA05F712AAAFA430084568F /* Sources */,
				1AA05F722AAAFA430084568F /* Frameworks */,
				1AA05F732AAAFA430084568F /* Resources */,
				5C9B2FFFBB05E0377535E9BC /* [CP] Embed Pods Frameworks */,
				1AA05F882AAB0C6E0084568F /* ShellScript */,
			);
			buildRules = (
			);
			dependencies = (
			);
			name = ThesisAccessibilityHelper;
			productName = ThesisAccessibilityHelper;
			productReference = 1AA05F752AAAFA430084568F /* ThesisAccessibilityHelper.app */;
			productType = "com.apple.product-type.application";
		};
/* End PBXNativeTarget section */

/* Begin PBXProject section */
		1AA05F6D2AAAFA430084568F /* Project object */ = {
			isa = PBXProject;
			attributes = {
				BuildIndependentTargetsInParallel = 1;
				LastSwiftUpdateCheck = 1430;
				LastUpgradeCheck = 1430;
				TargetAttributes = {
					1AA05F742AAAFA430084568F = {
						CreatedOnToolsVersion = 14.3.1;
					};
				};
			};
			buildConfigurationList = 1AA05F702AAAFA430084568F /* Build configuration list for PBXProject "ThesisAccessibilityHelper" */;
			compatibilityVersion = "Xcode 14.0";
			developmentRegion = en;
			hasScannedForEncodings = 0;
			knownRegions = (
				en,
				Base,
				hu,
			);
			mainGroup = 1AA05F6C2AAAFA430084568F;
			productRefGroup = 1AA05F762AAAFA430084568F /* Products */;
			projectDirPath = "";
			projectRoot = "";
			targets = (
				1AA05F742AAAFA430084568F /* ThesisAccessibilityHelper */,
			);
		};
/* End PBXProject section */

/* Begin PBXResourcesBuildPhase section */
		1AA05F732AAAFA430084568F /* Resources */ = {
			isa = PBXResourcesBuildPhase;
			buildActionMask = 2147483647;
			files = (
				1AA05F802AAAFA440084568F /* Preview Assets.xcassets in Resources */,
				1A96BE352AAB4747003DE05B /* Localizable.strings in Resources */,
				1AA05F7D2AAAFA440084568F /* Assets.xcassets in Resources */,
				1AA05F872AAAFBF30084568F /* GoogleService-Info.plist in Resources */,
			);
			runOnlyForDeploymentPostprocessing = 0;
		};
/* End PBXResourcesBuildPhase section */

/* Begin PBXShellScriptBuildPhase section */
		1AA05F882AAB0C6E0084568F /* ShellScript */ = {
			isa = PBXShellScriptBuildPhase;
			buildActionMask = 12;
			files = (
			);
			inputFileListPaths = (
			);
			inputPaths = (
			);
			outputFileListPaths = (
			);
			outputPaths = (
			);
			runOnlyForDeploymentPostprocessing = 0;
			shellPath = /bin/sh;
			shellScript = "if which \"${PODS_ROOT}/SwiftLint/swiftlint\" >/dev/null; then\n    \"${PODS_ROOT}/SwiftLint/swiftlint\" --config \"${PROJECT_DIR}/.swiftlint.yml\"\nelse\n    echo \"warning: SwiftLint not installed, run: pod install\"\nfi\n\n";
		};
		558B385FD09A4E2ABE6F7724 /* [CP] Check Pods Manifest.lock */ = {
			isa = PBXShellScriptBuildPhase;
			buildActionMask = 2147483647;
			files = (
			);
			inputFileListPaths = (
			);
			inputPaths = (
				"${PODS_PODFILE_DIR_PATH}/Podfile.lock",
				"${PODS_ROOT}/Manifest.lock",
			);
			name = "[CP] Check Pods Manifest.lock";
			outputFileListPaths = (
			);
			outputPaths = (
				"$(DERIVED_FILE_DIR)/Pods-ThesisAccessibilityHelper-checkManifestLockResult.txt",
			);
			runOnlyForDeploymentPostprocessing = 0;
			shellPath = /bin/sh;
			shellScript = "diff \"${PODS_PODFILE_DIR_PATH}/Podfile.lock\" \"${PODS_ROOT}/Manifest.lock\" > /dev/null\nif [ $? != 0 ] ; then\n    # print error to STDERR\n    echo \"error: The sandbox is not in sync with the Podfile.lock. Run 'pod install' or update your CocoaPods installation.\" >&2\n    exit 1\nfi\n# This output is used by Xcode 'outputs' to avoid re-running this script phase.\necho \"SUCCESS\" > \"${SCRIPT_OUTPUT_FILE_0}\"\n";
			showEnvVarsInLog = 0;
		};
		5C9B2FFFBB05E0377535E9BC /* [CP] Embed Pods Frameworks */ = {
			isa = PBXShellScriptBuildPhase;
			buildActionMask = 2147483647;
			files = (
			);
			inputFileListPaths = (
				"${PODS_ROOT}/Target Support Files/Pods-ThesisAccessibilityHelper/Pods-ThesisAccessibilityHelper-frameworks-${CONFIGURATION}-input-files.xcfilelist",
			);
			name = "[CP] Embed Pods Frameworks";
			outputFileListPaths = (
				"${PODS_ROOT}/Target Support Files/Pods-ThesisAccessibilityHelper/Pods-ThesisAccessibilityHelper-frameworks-${CONFIGURATION}-output-files.xcfilelist",
			);
			runOnlyForDeploymentPostprocessing = 0;
			shellPath = /bin/sh;
			shellScript = "\"${PODS_ROOT}/Target Support Files/Pods-ThesisAccessibilityHelper/Pods-ThesisAccessibilityHelper-frameworks.sh\"\n";
			showEnvVarsInLog = 0;
		};
/* End PBXShellScriptBuildPhase section */

/* Begin PBXSourcesBuildPhase section */
		1AA05F712AAAFA430084568F /* Sources */ = {
			isa = PBXSourcesBuildPhase;
			buildActionMask = 2147483647;
			files = (
				1AA05F7B2AAAFA430084568F /* ContentView.swift in Sources */,
				1A96BE3A2AAB48AD003DE05B /* Localized.swift in Sources */,
				1A96BE2F2AAB39C6003DE05B /* AppConstants.swift in Sources */,
				1AA05F792AAAFA430084568F /* ThesisAccessibilityHelperApp.swift in Sources */,
			);
			runOnlyForDeploymentPostprocessing = 0;
		};
/* End PBXSourcesBuildPhase section */

/* Begin PBXVariantGroup section */
		1A96BE372AAB4747003DE05B /* Localizable.strings */ = {
			isa = PBXVariantGroup;
			children = (
				1A96BE362AAB4747003DE05B /* en */,
				1A96BE382AAB4756003DE05B /* hu */,
			);
			name = Localizable.strings;
			sourceTree = "<group>";
		};
/* End PBXVariantGroup section */

/* Begin XCBuildConfiguration section */
		1AA05F812AAAFA440084568F /* Debug */ = {
			isa = XCBuildConfiguration;
			buildSettings = {
				ALWAYS_SEARCH_USER_PATHS = NO;
				CLANG_ANALYZER_NONNULL = YES;
				CLANG_ANALYZER_NUMBER_OBJECT_CONVERSION = YES_AGGRESSIVE;
				CLANG_CXX_LANGUAGE_STANDARD = "gnu++20";
				CLANG_ENABLE_MODULES = YES;
				CLANG_ENABLE_OBJC_ARC = YES;
				CLANG_ENABLE_OBJC_WEAK = YES;
				CLANG_WARN_BLOCK_CAPTURE_AUTORELEASING = YES;
				CLANG_WARN_BOOL_CONVERSION = YES;
				CLANG_WARN_COMMA = YES;
				CLANG_WARN_CONSTANT_CONVERSION = YES;
				CLANG_WARN_DEPRECATED_OBJC_IMPLEMENTATIONS = YES;
				CLANG_WARN_DIRECT_OBJC_ISA_USAGE = YES_ERROR;
				CLANG_WARN_DOCUMENTATION_COMMENTS = YES;
				CLANG_WARN_EMPTY_BODY = YES;
				CLANG_WARN_ENUM_CONVERSION = YES;
				CLANG_WARN_INFINITE_RECURSION = YES;
				CLANG_WARN_INT_CONVERSION = YES;
				CLANG_WARN_NON_LITERAL_NULL_CONVERSION = YES;
				CLANG_WARN_OBJC_IMPLICIT_RETAIN_SELF = YES;
				CLANG_WARN_OBJC_LITERAL_CONVERSION = YES;
				CLANG_WARN_OBJC_ROOT_CLASS = YES_ERROR;
				CLANG_WARN_QUOTED_INCLUDE_IN_FRAMEWORK_HEADER = YES;
				CLANG_WARN_RANGE_LOOP_ANALYSIS = YES;
				CLANG_WARN_STRICT_PROTOTYPES = YES;
				CLANG_WARN_SUSPICIOUS_MOVE = YES;
				CLANG_WARN_UNGUARDED_AVAILABILITY = YES_AGGRESSIVE;
				CLANG_WARN_UNREACHABLE_CODE = YES;
				CLANG_WARN__DUPLICATE_METHOD_MATCH = YES;
				COPY_PHASE_STRIP = NO;
				DEBUG_INFORMATION_FORMAT = dwarf;
				ENABLE_STRICT_OBJC_MSGSEND = YES;
				ENABLE_TESTABILITY = YES;
				GCC_C_LANGUAGE_STANDARD = gnu11;
				GCC_DYNAMIC_NO_PIC = NO;
				GCC_NO_COMMON_BLOCKS = YES;
				GCC_OPTIMIZATION_LEVEL = 0;
				GCC_PREPROCESSOR_DEFINITIONS = (
					"DEBUG=1",
					"$(inherited)",
				);
				GCC_WARN_64_TO_32_BIT_CONVERSION = YES;
				GCC_WARN_ABOUT_RETURN_TYPE = YES_ERROR;
				GCC_WARN_UNDECLARED_SELECTOR = YES;
				GCC_WARN_UNINITIALIZED_AUTOS = YES_AGGRESSIVE;
				GCC_WARN_UNUSED_FUNCTION = YES;
				GCC_WARN_UNUSED_VARIABLE = YES;
				IPHONEOS_DEPLOYMENT_TARGET = 16.4;
				MTL_ENABLE_DEBUG_INFO = INCLUDE_SOURCE;
				MTL_FAST_MATH = YES;
				ONLY_ACTIVE_ARCH = YES;
				SDKROOT = iphoneos;
				SWIFT_ACTIVE_COMPILATION_CONDITIONS = DEBUG;
				SWIFT_OPTIMIZATION_LEVEL = "-Onone";
			};
			name = Debug;
		};
		1AA05F822AAAFA440084568F /* Release */ = {
			isa = XCBuildConfiguration;
			buildSettings = {
				ALWAYS_SEARCH_USER_PATHS = NO;
				CLANG_ANALYZER_NONNULL = YES;
				CLANG_ANALYZER_NUMBER_OBJECT_CONVERSION = YES_AGGRESSIVE;
				CLANG_CXX_LANGUAGE_STANDARD = "gnu++20";
				CLANG_ENABLE_MODULES = YES;
				CLANG_ENABLE_OBJC_ARC = YES;
				CLANG_ENABLE_OBJC_WEAK = YES;
				CLANG_WARN_BLOCK_CAPTURE_AUTORELEASING = YES;
				CLANG_WARN_BOOL_CONVERSION = YES;
				CLANG_WARN_COMMA = YES;
				CLANG_WARN_CONSTANT_CONVERSION = YES;
				CLANG_WARN_DEPRECATED_OBJC_IMPLEMENTATIONS = YES;
				CLANG_WARN_DIRECT_OBJC_ISA_USAGE = YES_ERROR;
				CLANG_WARN_DOCUMENTATION_COMMENTS = YES;
				CLANG_WARN_EMPTY_BODY = YES;
				CLANG_WARN_ENUM_CONVERSION = YES;
				CLANG_WARN_INFINITE_RECURSION = YES;
				CLANG_WARN_INT_CONVERSION = YES;
				CLANG_WARN_NON_LITERAL_NULL_CONVERSION = YES;
				CLANG_WARN_OBJC_IMPLICIT_RETAIN_SELF = YES;
				CLANG_WARN_OBJC_LITERAL_CONVERSION = YES;
				CLANG_WARN_OBJC_ROOT_CLASS = YES_ERROR;
				CLANG_WARN_QUOTED_INCLUDE_IN_FRAMEWORK_HEADER = YES;
				CLANG_WARN_RANGE_LOOP_ANALYSIS = YES;
				CLANG_WARN_STRICT_PROTOTYPES = YES;
				CLANG_WARN_SUSPICIOUS_MOVE = YES;
				CLANG_WARN_UNGUARDED_AVAILABILITY = YES_AGGRESSIVE;
				CLANG_WARN_UNREACHABLE_CODE = YES;
				CLANG_WARN__DUPLICATE_METHOD_MATCH = YES;
				COPY_PHASE_STRIP = NO;
				DEBUG_INFORMATION_FORMAT = "dwarf-with-dsym";
				ENABLE_NS_ASSERTIONS = NO;
				ENABLE_STRICT_OBJC_MSGSEND = YES;
				GCC_C_LANGUAGE_STANDARD = gnu11;
				GCC_NO_COMMON_BLOCKS = YES;
				GCC_WARN_64_TO_32_BIT_CONVERSION = YES;
				GCC_WARN_ABOUT_RETURN_TYPE = YES_ERROR;
				GCC_WARN_UNDECLARED_SELECTOR = YES;
				GCC_WARN_UNINITIALIZED_AUTOS = YES_AGGRESSIVE;
				GCC_WARN_UNUSED_FUNCTION = YES;
				GCC_WARN_UNUSED_VARIABLE = YES;
				IPHONEOS_DEPLOYMENT_TARGET = 16.4;
				MTL_ENABLE_DEBUG_INFO = NO;
				MTL_FAST_MATH = YES;
				SDKROOT = iphoneos;
				SWIFT_COMPILATION_MODE = wholemodule;
				SWIFT_OPTIMIZATION_LEVEL = "-O";
				VALIDATE_PRODUCT = YES;
			};
			name = Release;
		};
		1AA05F842AAAFA440084568F /* Debug */ = {
			isa = XCBuildConfiguration;
			baseConfigurationReference = 72B228165FA3EA003D4F0CCB /* Pods-ThesisAccessibilityHelper.debug.xcconfig */;
			buildSettings = {
				ASSETCATALOG_COMPILER_APPICON_NAME = AppIcon;
				ASSETCATALOG_COMPILER_GLOBAL_ACCENT_COLOR_NAME = AccentColor;
				CODE_SIGN_STYLE = Automatic;
				CURRENT_PROJECT_VERSION = 1;
				DEVELOPMENT_ASSET_PATHS = "\"ThesisAccessibilityHelper/Preview Content\"";
				DEVELOPMENT_TEAM = N3LA7VX648;
				ENABLE_PREVIEWS = YES;
				GENERATE_INFOPLIST_FILE = YES;
				INFOPLIST_KEY_UIApplicationSceneManifest_Generation = YES;
				INFOPLIST_KEY_UIApplicationSupportsIndirectInputEvents = YES;
				INFOPLIST_KEY_UILaunchScreen_Generation = YES;
				INFOPLIST_KEY_UISupportedInterfaceOrientations_iPad = "UIInterfaceOrientationPortrait UIInterfaceOrientationPortraitUpsideDown UIInterfaceOrientationLandscapeLeft UIInterfaceOrientationLandscapeRight";
				INFOPLIST_KEY_UISupportedInterfaceOrientations_iPhone = "UIInterfaceOrientationPortrait UIInterfaceOrientationLandscapeLeft UIInterfaceOrientationLandscapeRight";
				LD_RUNPATH_SEARCH_PATHS = (
					"$(inherited)",
					"@executable_path/Frameworks",
				);
				MARKETING_VERSION = 1.0;
				PRODUCT_BUNDLE_IDENTIFIER = DuT0mi.ThesisAccessibilityHelper;
				PRODUCT_NAME = "$(TARGET_NAME)";
				SWIFT_EMIT_LOC_STRINGS = YES;
				SWIFT_VERSION = 5.0;
				TARGETED_DEVICE_FAMILY = "1,2";
			};
			name = Debug;
		};
		1AA05F852AAAFA440084568F /* Release */ = {
			isa = XCBuildConfiguration;
			baseConfigurationReference = 72A052398BF7A2748003A60C /* Pods-ThesisAccessibilityHelper.release.xcconfig */;
			buildSettings = {
				ASSETCATALOG_COMPILER_APPICON_NAME = AppIcon;
				ASSETCATALOG_COMPILER_GLOBAL_ACCENT_COLOR_NAME = AccentColor;
				CODE_SIGN_STYLE = Automatic;
				CURRENT_PROJECT_VERSION = 1;
				DEVELOPMENT_ASSET_PATHS = "\"ThesisAccessibilityHelper/Preview Content\"";
				DEVELOPMENT_TEAM = N3LA7VX648;
				ENABLE_PREVIEWS = YES;
				GENERATE_INFOPLIST_FILE = YES;
				INFOPLIST_KEY_UIApplicationSceneManifest_Generation = YES;
				INFOPLIST_KEY_UIApplicationSupportsIndirectInputEvents = YES;
				INFOPLIST_KEY_UILaunchScreen_Generation = YES;
				INFOPLIST_KEY_UISupportedInterfaceOrientations_iPad = "UIInterfaceOrientationPortrait UIInterfaceOrientationPortraitUpsideDown UIInterfaceOrientationLandscapeLeft UIInterfaceOrientationLandscapeRight";
				INFOPLIST_KEY_UISupportedInterfaceOrientations_iPhone = "UIInterfaceOrientationPortrait UIInterfaceOrientationLandscapeLeft UIInterfaceOrientationLandscapeRight";
				LD_RUNPATH_SEARCH_PATHS = (
					"$(inherited)",
					"@executable_path/Frameworks",
				);
				MARKETING_VERSION = 1.0;
				PRODUCT_BUNDLE_IDENTIFIER = DuT0mi.ThesisAccessibilityHelper;
				PRODUCT_NAME = "$(TARGET_NAME)";
				SWIFT_EMIT_LOC_STRINGS = YES;
				SWIFT_VERSION = 5.0;
				TARGETED_DEVICE_FAMILY = "1,2";
			};
			name = Release;
		};
/* End XCBuildConfiguration section */

/* Begin XCConfigurationList section */
		1AA05F702AAAFA430084568F /* Build configuration list for PBXProject "ThesisAccessibilityHelper" */ = {
			isa = XCConfigurationList;
			buildConfigurations = (
				1AA05F812AAAFA440084568F /* Debug */,
				1AA05F822AAAFA440084568F /* Release */,
			);
			defaultConfigurationIsVisible = 0;
			defaultConfigurationName = Release;
		};
		1AA05F832AAAFA440084568F /* Build configuration list for PBXNativeTarget "ThesisAccessibilityHelper" */ = {
			isa = XCConfigurationList;
			buildConfigurations = (
				1AA05F842AAAFA440084568F /* Debug */,
				1AA05F852AAAFA440084568F /* Release */,
			);
			defaultConfigurationIsVisible = 0;
			defaultConfigurationName = Release;
		};
/* End XCConfigurationList section */
	};
	rootObject = 1AA05F6D2AAAFA430084568F /* Project object */;
}
