// !$*UTF8*$!
{
	archiveVersion = 1;
	classes = {
	};
	objectVersion = 56;
	objects = {

/* Begin PBXBuildFile section */
		1A5A01232AADF6480060F528 /* TabHosterViewViewModel.swift in Sources */ = {isa = PBXBuildFile; fileRef = 1A5A01222AADF6480060F528 /* TabHosterViewViewModel.swift */; };
		1A5DF3C82AB48AB700A872F2 /* TabMapLandingView.swift in Sources */ = {isa = PBXBuildFile; fileRef = 1A5DF3C72AB48AB700A872F2 /* TabMapLandingView.swift */; };
		1A5DF3CA2AB48ACC00A872F2 /* TabProfileLandingView.swift in Sources */ = {isa = PBXBuildFile; fileRef = 1A5DF3C92AB48ACC00A872F2 /* TabProfileLandingView.swift */; };
		1A5DF3CC2AB48ADF00A872F2 /* TabMenuLandingView.swift in Sources */ = {isa = PBXBuildFile; fileRef = 1A5DF3CB2AB48ADF00A872F2 /* TabMenuLandingView.swift */; };
		1A5DF3CE2AB48B0300A872F2 /* TabHomeLandingView.swift in Sources */ = {isa = PBXBuildFile; fileRef = 1A5DF3CD2AB48B0300A872F2 /* TabHomeLandingView.swift */; };
		1A5DF3D22AB490A700A872F2 /* MenuView.swift in Sources */ = {isa = PBXBuildFile; fileRef = 1A5DF3D12AB490A700A872F2 /* MenuView.swift */; };
		1A5DF3D42AB4925500A872F2 /* MenuViewItem.swift in Sources */ = {isa = PBXBuildFile; fileRef = 1A5DF3D32AB4925500A872F2 /* MenuViewItem.swift */; };
		1A5DF3D72AB4D45900A872F2 /* MenuViewModel.swift in Sources */ = {isa = PBXBuildFile; fileRef = 1A5DF3D62AB4D45900A872F2 /* MenuViewModel.swift */; };
		1A915D672AC99DC4009FE4BE /* Pods_ThesisAccessibilityHelper.framework in Frameworks */ = {isa = PBXBuildFile; fileRef = CC45CB41432DDCCFBAEFEBAC /* Pods_ThesisAccessibilityHelper.framework */; };
		1A915D682AC99DC4009FE4BE /* Pods_ThesisAccessibilityHelper.framework in Embed Frameworks */ = {isa = PBXBuildFile; fileRef = CC45CB41432DDCCFBAEFEBAC /* Pods_ThesisAccessibilityHelper.framework */; settings = {ATTRIBUTES = (RemoveHeadersOnCopy, ); }; };
		1A915D6B2AC99FB3009FE4BE /* FirebaseAnalytics in Frameworks */ = {isa = PBXBuildFile; productRef = 1A915D6A2AC99FB3009FE4BE /* FirebaseAnalytics */; };
		1A915D6D2AC99FB3009FE4BE /* FirebaseAnalyticsOnDeviceConversion in Frameworks */ = {isa = PBXBuildFile; productRef = 1A915D6C2AC99FB3009FE4BE /* FirebaseAnalyticsOnDeviceConversion */; };
		1A915D6F2AC99FB3009FE4BE /* FirebaseAnalyticsSwift in Frameworks */ = {isa = PBXBuildFile; productRef = 1A915D6E2AC99FB3009FE4BE /* FirebaseAnalyticsSwift */; };
		1A915D712AC99FB3009FE4BE /* FirebaseAnalyticsWithoutAdIdSupport in Frameworks */ = {isa = PBXBuildFile; productRef = 1A915D702AC99FB3009FE4BE /* FirebaseAnalyticsWithoutAdIdSupport */; };
		1A915D732AC99FB3009FE4BE /* FirebaseAppCheck in Frameworks */ = {isa = PBXBuildFile; productRef = 1A915D722AC99FB3009FE4BE /* FirebaseAppCheck */; };
		1A915D752AC99FB3009FE4BE /* FirebaseAppDistribution-Beta in Frameworks */ = {isa = PBXBuildFile; productRef = 1A915D742AC99FB3009FE4BE /* FirebaseAppDistribution-Beta */; };
		1A915D772AC99FB3009FE4BE /* FirebaseAuth in Frameworks */ = {isa = PBXBuildFile; productRef = 1A915D762AC99FB3009FE4BE /* FirebaseAuth */; };
		1A915D792AC99FB3009FE4BE /* FirebaseAuthCombine-Community in Frameworks */ = {isa = PBXBuildFile; productRef = 1A915D782AC99FB3009FE4BE /* FirebaseAuthCombine-Community */; };
		1A915D7B2AC99FB3009FE4BE /* FirebaseCrashlytics in Frameworks */ = {isa = PBXBuildFile; productRef = 1A915D7A2AC99FB3009FE4BE /* FirebaseCrashlytics */; };
		1A915D7D2AC99FB3009FE4BE /* FirebaseDatabase in Frameworks */ = {isa = PBXBuildFile; productRef = 1A915D7C2AC99FB3009FE4BE /* FirebaseDatabase */; };
		1A915D7F2AC99FB3009FE4BE /* FirebaseDatabaseSwift in Frameworks */ = {isa = PBXBuildFile; productRef = 1A915D7E2AC99FB3009FE4BE /* FirebaseDatabaseSwift */; };
		1A915D812AC99FB3009FE4BE /* FirebaseDynamicLinks in Frameworks */ = {isa = PBXBuildFile; productRef = 1A915D802AC99FB3009FE4BE /* FirebaseDynamicLinks */; };
		1A915D832AC99FB3009FE4BE /* FirebaseFirestore in Frameworks */ = {isa = PBXBuildFile; productRef = 1A915D822AC99FB3009FE4BE /* FirebaseFirestore */; };
		1A915D852AC99FB3009FE4BE /* FirebaseFirestoreCombine-Community in Frameworks */ = {isa = PBXBuildFile; productRef = 1A915D842AC99FB3009FE4BE /* FirebaseFirestoreCombine-Community */; };
		1A915D872AC99FB3009FE4BE /* FirebaseFirestoreSwift in Frameworks */ = {isa = PBXBuildFile; productRef = 1A915D862AC99FB3009FE4BE /* FirebaseFirestoreSwift */; };
		1A915D892AC99FB3009FE4BE /* FirebaseFunctions in Frameworks */ = {isa = PBXBuildFile; productRef = 1A915D882AC99FB3009FE4BE /* FirebaseFunctions */; };
		1A915D8B2AC99FB3009FE4BE /* FirebaseFunctionsCombine-Community in Frameworks */ = {isa = PBXBuildFile; productRef = 1A915D8A2AC99FB3009FE4BE /* FirebaseFunctionsCombine-Community */; };
		1A915D8D2AC99FB3009FE4BE /* FirebaseInAppMessaging-Beta in Frameworks */ = {isa = PBXBuildFile; productRef = 1A915D8C2AC99FB3009FE4BE /* FirebaseInAppMessaging-Beta */; };
		1A915D8F2AC99FB3009FE4BE /* FirebaseInAppMessagingSwift-Beta in Frameworks */ = {isa = PBXBuildFile; productRef = 1A915D8E2AC99FB3009FE4BE /* FirebaseInAppMessagingSwift-Beta */; };
		1A915D912AC99FB3009FE4BE /* FirebaseInstallations in Frameworks */ = {isa = PBXBuildFile; productRef = 1A915D902AC99FB3009FE4BE /* FirebaseInstallations */; };
		1A915D932AC99FB3009FE4BE /* FirebaseMLModelDownloader in Frameworks */ = {isa = PBXBuildFile; productRef = 1A915D922AC99FB3009FE4BE /* FirebaseMLModelDownloader */; };
		1A915D952AC99FB3009FE4BE /* FirebaseMessaging in Frameworks */ = {isa = PBXBuildFile; productRef = 1A915D942AC99FB3009FE4BE /* FirebaseMessaging */; };
		1A915D972AC99FB3009FE4BE /* FirebasePerformance in Frameworks */ = {isa = PBXBuildFile; productRef = 1A915D962AC99FB3009FE4BE /* FirebasePerformance */; };
		1A915D992AC99FB3009FE4BE /* FirebaseRemoteConfig in Frameworks */ = {isa = PBXBuildFile; productRef = 1A915D982AC99FB3009FE4BE /* FirebaseRemoteConfig */; };
		1A915D9B2AC99FB3009FE4BE /* FirebaseRemoteConfigSwift in Frameworks */ = {isa = PBXBuildFile; productRef = 1A915D9A2AC99FB3009FE4BE /* FirebaseRemoteConfigSwift */; };
		1A915D9D2AC99FB3009FE4BE /* FirebaseStorage in Frameworks */ = {isa = PBXBuildFile; productRef = 1A915D9C2AC99FB3009FE4BE /* FirebaseStorage */; };
		1A915D9F2AC99FB3009FE4BE /* FirebaseStorageCombine-Community in Frameworks */ = {isa = PBXBuildFile; productRef = 1A915D9E2AC99FB3009FE4BE /* FirebaseStorageCombine-Community */; };
		1A915DA12AC9A0E3009FE4BE /* AppDelegate.swift in Sources */ = {isa = PBXBuildFile; fileRef = 1A915DA02AC9A0E3009FE4BE /* AppDelegate.swift */; };
		1A9428622ABA28230042D9BB /* Documentation.docc in Sources */ = {isa = PBXBuildFile; fileRef = 1A9428612ABA28230042D9BB /* Documentation.docc */; };
		1A9665CA2AACC6FC0087F964 /* BaseView.swift in Sources */ = {isa = PBXBuildFile; fileRef = 1A9665C92AACC6FC0087F964 /* BaseView.swift */; };
		1A9665CD2AACC77A0087F964 /* BaseViewModel.swift in Sources */ = {isa = PBXBuildFile; fileRef = 1A9665CC2AACC77A0087F964 /* BaseViewModel.swift */; };
		1A96BE2F2AAB39C6003DE05B /* AppConstants.swift in Sources */ = {isa = PBXBuildFile; fileRef = 1A96BE2E2AAB39C6003DE05B /* AppConstants.swift */; };
		1A96BE352AAB4747003DE05B /* Localizable.strings in Resources */ = {isa = PBXBuildFile; fileRef = 1A96BE372AAB4747003DE05B /* Localizable.strings */; };
		1A96BE3A2AAB48AD003DE05B /* Localized.swift in Sources */ = {isa = PBXBuildFile; fileRef = 1A96BE392AAB48AD003DE05B /* Localized.swift */; };
		1A9A24AC2AACE21A0005EBA0 /* ViewModifier+Sheet.swift in Sources */ = {isa = PBXBuildFile; fileRef = 1A9A24AB2AACE21A0005EBA0 /* ViewModifier+Sheet.swift */; };
		1A9D1A842AB712F9008C30EC /* ViewModifier+GeoSize.swift in Sources */ = {isa = PBXBuildFile; fileRef = 1A9D1A832AB712F9008C30EC /* ViewModifier+GeoSize.swift */; };
		1AA05F792AAAFA430084568F /* ThesisAccessibilityHelperApp.swift in Sources */ = {isa = PBXBuildFile; fileRef = 1AA05F782AAAFA430084568F /* ThesisAccessibilityHelperApp.swift */; };
		1AA05F7B2AAAFA430084568F /* TabHosterView.swift in Sources */ = {isa = PBXBuildFile; fileRef = 1AA05F7A2AAAFA430084568F /* TabHosterView.swift */; };
		1AA05F7D2AAAFA440084568F /* Assets.xcassets in Resources */ = {isa = PBXBuildFile; fileRef = 1AA05F7C2AAAFA440084568F /* Assets.xcassets */; };
		1AA05F802AAAFA440084568F /* Preview Assets.xcassets in Resources */ = {isa = PBXBuildFile; fileRef = 1AA05F7F2AAAFA440084568F /* Preview Assets.xcassets */; };
		1AA05F872AAAFBF30084568F /* GoogleService-Info.plist in Resources */ = {isa = PBXBuildFile; fileRef = 1AA05F862AAAFBF30084568F /* GoogleService-Info.plist */; };
		1AAA6C5F2AACCD6300F1CA85 /* LongLoadingView.swift in Sources */ = {isa = PBXBuildFile; fileRef = 1AAA6C5E2AACCD6300F1CA85 /* LongLoadingView.swift */; };
		1AAAE4932AC84001003704E5 /* NotificationName+Names.swift in Sources */ = {isa = PBXBuildFile; fileRef = 1AAAE4922AC84001003704E5 /* NotificationName+Names.swift */; };
		1AB040902AB5BFC00037215E /* ObjectDetectView.swift in Sources */ = {isa = PBXBuildFile; fileRef = 1AB0408F2AB5BFC00037215E /* ObjectDetectView.swift */; };
		1AB040952AB5C51E0037215E /* CameraFrameView.swift in Sources */ = {isa = PBXBuildFile; fileRef = 1AB040942AB5C51E0037215E /* CameraFrameView.swift */; };
		1AB040972AB5CA470037215E /* ObjectDetectViewModel.swift in Sources */ = {isa = PBXBuildFile; fileRef = 1AB040962AB5CA470037215E /* ObjectDetectViewModel.swift */; };
		1AB0409A2AB5CD6B0037215E /* CameraManager.swift in Sources */ = {isa = PBXBuildFile; fileRef = 1AB040992AB5CD6B0037215E /* CameraManager.swift */; };
		1AB0409C2AB5CFE70037215E /* Error+Camera.swift in Sources */ = {isa = PBXBuildFile; fileRef = 1AB0409B2AB5CFE70037215E /* Error+Camera.swift */; };
		1AB0409E2AB5D95A0037215E /* FrameManager.swift in Sources */ = {isa = PBXBuildFile; fileRef = 1AB0409D2AB5D95A0037215E /* FrameManager.swift */; };
		1AB040A02AB5DBB40037215E /* CGImage+create.swift in Sources */ = {isa = PBXBuildFile; fileRef = 1AB0409F2AB5DBB40037215E /* CGImage+create.swift */; };
		1AB040A32AB5F4490037215E /* NavigationButton.swift in Sources */ = {isa = PBXBuildFile; fileRef = 1AB040A22AB5F4490037215E /* NavigationButton.swift */; };
		1AB040A52AB63E5B0037215E /* ObjectView.swift in Sources */ = {isa = PBXBuildFile; fileRef = 1AB040A42AB63E5B0037215E /* ObjectView.swift */; };
		1AB040AA2AB652F00037215E /* LICENSE.txt in Resources */ = {isa = PBXBuildFile; fileRef = 1AB040A92AB652F00037215E /* LICENSE.txt */; };
		1AB040AC2AB6548D0037215E /* SynthesizerManager.swift in Sources */ = {isa = PBXBuildFile; fileRef = 1AB040AB2AB6548D0037215E /* SynthesizerManager.swift */; };
		1ABE4AF52AB23081004DD0EE /* YOLOv3Tiny.mlmodel in Sources */ = {isa = PBXBuildFile; fileRef = 1ABE4AF42AB23081004DD0EE /* YOLOv3Tiny.mlmodel */; };
		1ACC0EE32ABA0FF000113911 /* BaseCameraManager.swift in Sources */ = {isa = PBXBuildFile; fileRef = 1ACC0EE22ABA0FF000113911 /* BaseCameraManager.swift */; };
		1AD1DBF12ABF0D320003683F /* YOLOv3Int8LUT.mlmodel in Sources */ = {isa = PBXBuildFile; fileRef = 1AD1DBF02ABF0D320003683F /* YOLOv3Int8LUT.mlmodel */; };
		1AD1E8632AC04A7F00BCA580 /* ScanDocumentView.swift in Sources */ = {isa = PBXBuildFile; fileRef = 1AD1E8622AC04A7F00BCA580 /* ScanDocumentView.swift */; };
		1AD1E8662AC04B9000BCA580 /* TextRecognizerManager.swift in Sources */ = {isa = PBXBuildFile; fileRef = 1AD1E8652AC04B9000BCA580 /* TextRecognizerManager.swift */; };
		1AD1E8682AC04D4A00BCA580 /* DocumentPickerView.swift in Sources */ = {isa = PBXBuildFile; fileRef = 1AD1E8672AC04D4A00BCA580 /* DocumentPickerView.swift */; };
		1AD1E86A2AC04F8F00BCA580 /* ScanDocumentViewModel.swift in Sources */ = {isa = PBXBuildFile; fileRef = 1AD1E8692AC04F8F00BCA580 /* ScanDocumentViewModel.swift */; };
		1AF13F282AACEE3E0097E085 /* TabBarItem.swift in Sources */ = {isa = PBXBuildFile; fileRef = 1AF13F272AACEE3E0097E085 /* TabBarItem.swift */; };
		1AF13F2A2AACEE600097E085 /* Tab.swift in Sources */ = {isa = PBXBuildFile; fileRef = 1AF13F292AACEE600097E085 /* Tab.swift */; };
		1AF13F2C2AACEE780097E085 /* TabPosition.swift in Sources */ = {isa = PBXBuildFile; fileRef = 1AF13F2B2AACEE780097E085 /* TabPosition.swift */; };
		1AF13F2E2AACEE890097E085 /* TabShape.swift in Sources */ = {isa = PBXBuildFile; fileRef = 1AF13F2D2AACEE890097E085 /* TabShape.swift */; };
/* End PBXBuildFile section */

/* Begin PBXCopyFilesBuildPhase section */
		1AAAE4912AC8110F003704E5 /* Embed Frameworks */ = {
			isa = PBXCopyFilesBuildPhase;
			buildActionMask = 2147483647;
			dstPath = "";
			dstSubfolderSpec = 10;
			files = (
				1A915D682AC99DC4009FE4BE /* Pods_ThesisAccessibilityHelper.framework in Embed Frameworks */,
			);
			name = "Embed Frameworks";
			runOnlyForDeploymentPostprocessing = 0;
		};
/* End PBXCopyFilesBuildPhase section */

/* Begin PBXFileReference section */
		1A5A01222AADF6480060F528 /* TabHosterViewViewModel.swift */ = {isa = PBXFileReference; lastKnownFileType = sourcecode.swift; path = TabHosterViewViewModel.swift; sourceTree = "<group>"; };
		1A5DF3C72AB48AB700A872F2 /* TabMapLandingView.swift */ = {isa = PBXFileReference; lastKnownFileType = sourcecode.swift; path = TabMapLandingView.swift; sourceTree = "<group>"; };
		1A5DF3C92AB48ACC00A872F2 /* TabProfileLandingView.swift */ = {isa = PBXFileReference; lastKnownFileType = sourcecode.swift; path = TabProfileLandingView.swift; sourceTree = "<group>"; };
		1A5DF3CB2AB48ADF00A872F2 /* TabMenuLandingView.swift */ = {isa = PBXFileReference; lastKnownFileType = sourcecode.swift; path = TabMenuLandingView.swift; sourceTree = "<group>"; };
		1A5DF3CD2AB48B0300A872F2 /* TabHomeLandingView.swift */ = {isa = PBXFileReference; lastKnownFileType = sourcecode.swift; path = TabHomeLandingView.swift; sourceTree = "<group>"; };
		1A5DF3D12AB490A700A872F2 /* MenuView.swift */ = {isa = PBXFileReference; lastKnownFileType = sourcecode.swift; path = MenuView.swift; sourceTree = "<group>"; };
		1A5DF3D32AB4925500A872F2 /* MenuViewItem.swift */ = {isa = PBXFileReference; lastKnownFileType = sourcecode.swift; path = MenuViewItem.swift; sourceTree = "<group>"; };
		1A5DF3D62AB4D45900A872F2 /* MenuViewModel.swift */ = {isa = PBXFileReference; lastKnownFileType = sourcecode.swift; path = MenuViewModel.swift; sourceTree = "<group>"; };
		1A915DA02AC9A0E3009FE4BE /* AppDelegate.swift */ = {isa = PBXFileReference; lastKnownFileType = sourcecode.swift; path = AppDelegate.swift; sourceTree = "<group>"; };
		1A9428612ABA28230042D9BB /* Documentation.docc */ = {isa = PBXFileReference; lastKnownFileType = folder.documentationcatalog; name = Documentation.docc; path = ThesisAccessibilityHelper/Documentation.docc; sourceTree = SOURCE_ROOT; };
		1A9665C92AACC6FC0087F964 /* BaseView.swift */ = {isa = PBXFileReference; lastKnownFileType = sourcecode.swift; path = BaseView.swift; sourceTree = "<group>"; };
		1A9665CC2AACC77A0087F964 /* BaseViewModel.swift */ = {isa = PBXFileReference; lastKnownFileType = sourcecode.swift; path = BaseViewModel.swift; sourceTree = "<group>"; };
		1A96BE2E2AAB39C6003DE05B /* AppConstants.swift */ = {isa = PBXFileReference; lastKnownFileType = sourcecode.swift; path = AppConstants.swift; sourceTree = "<group>"; };
		1A96BE362AAB4747003DE05B /* en */ = {isa = PBXFileReference; lastKnownFileType = text.plist.strings; name = en; path = en.lproj/Localizable.strings; sourceTree = "<group>"; };
		1A96BE382AAB4756003DE05B /* hu */ = {isa = PBXFileReference; lastKnownFileType = text.plist.strings; name = hu; path = hu.lproj/Localizable.strings; sourceTree = "<group>"; };
		1A96BE392AAB48AD003DE05B /* Localized.swift */ = {isa = PBXFileReference; lastKnownFileType = sourcecode.swift; path = Localized.swift; sourceTree = "<group>"; };
		1A9A24AB2AACE21A0005EBA0 /* ViewModifier+Sheet.swift */ = {isa = PBXFileReference; lastKnownFileType = sourcecode.swift; path = "ViewModifier+Sheet.swift"; sourceTree = "<group>"; };
		1A9D1A832AB712F9008C30EC /* ViewModifier+GeoSize.swift */ = {isa = PBXFileReference; lastKnownFileType = sourcecode.swift; path = "ViewModifier+GeoSize.swift"; sourceTree = "<group>"; };
		1AA05F752AAAFA430084568F /* ThesisAccessibilityHelper.app */ = {isa = PBXFileReference; explicitFileType = wrapper.application; includeInIndex = 0; path = ThesisAccessibilityHelper.app; sourceTree = BUILT_PRODUCTS_DIR; };
		1AA05F782AAAFA430084568F /* ThesisAccessibilityHelperApp.swift */ = {isa = PBXFileReference; lastKnownFileType = sourcecode.swift; path = ThesisAccessibilityHelperApp.swift; sourceTree = "<group>"; };
		1AA05F7A2AAAFA430084568F /* TabHosterView.swift */ = {isa = PBXFileReference; lastKnownFileType = sourcecode.swift; path = TabHosterView.swift; sourceTree = "<group>"; };
		1AA05F7C2AAAFA440084568F /* Assets.xcassets */ = {isa = PBXFileReference; lastKnownFileType = folder.assetcatalog; path = Assets.xcassets; sourceTree = "<group>"; };
		1AA05F7F2AAAFA440084568F /* Preview Assets.xcassets */ = {isa = PBXFileReference; lastKnownFileType = folder.assetcatalog; path = "Preview Assets.xcassets"; sourceTree = "<group>"; };
		1AA05F862AAAFBF30084568F /* GoogleService-Info.plist */ = {isa = PBXFileReference; fileEncoding = 4; lastKnownFileType = text.plist.xml; path = "GoogleService-Info.plist"; sourceTree = "<group>"; };
		1AAA6C5E2AACCD6300F1CA85 /* LongLoadingView.swift */ = {isa = PBXFileReference; lastKnownFileType = sourcecode.swift; path = LongLoadingView.swift; sourceTree = "<group>"; };
		1AAAE4922AC84001003704E5 /* NotificationName+Names.swift */ = {isa = PBXFileReference; lastKnownFileType = sourcecode.swift; path = "NotificationName+Names.swift"; sourceTree = "<group>"; };
		1AB0408F2AB5BFC00037215E /* ObjectDetectView.swift */ = {isa = PBXFileReference; lastKnownFileType = sourcecode.swift; path = ObjectDetectView.swift; sourceTree = "<group>"; };
		1AB040942AB5C51E0037215E /* CameraFrameView.swift */ = {isa = PBXFileReference; lastKnownFileType = sourcecode.swift; path = CameraFrameView.swift; sourceTree = "<group>"; };
		1AB040962AB5CA470037215E /* ObjectDetectViewModel.swift */ = {isa = PBXFileReference; lastKnownFileType = sourcecode.swift; path = ObjectDetectViewModel.swift; sourceTree = "<group>"; };
		1AB040992AB5CD6B0037215E /* CameraManager.swift */ = {isa = PBXFileReference; lastKnownFileType = sourcecode.swift; path = CameraManager.swift; sourceTree = "<group>"; };
		1AB0409B2AB5CFE70037215E /* Error+Camera.swift */ = {isa = PBXFileReference; lastKnownFileType = sourcecode.swift; path = "Error+Camera.swift"; sourceTree = "<group>"; };
		1AB0409D2AB5D95A0037215E /* FrameManager.swift */ = {isa = PBXFileReference; lastKnownFileType = sourcecode.swift; path = FrameManager.swift; sourceTree = "<group>"; };
		1AB0409F2AB5DBB40037215E /* CGImage+create.swift */ = {isa = PBXFileReference; lastKnownFileType = sourcecode.swift; path = "CGImage+create.swift"; sourceTree = "<group>"; };
		1AB040A22AB5F4490037215E /* NavigationButton.swift */ = {isa = PBXFileReference; lastKnownFileType = sourcecode.swift; path = NavigationButton.swift; sourceTree = "<group>"; };
		1AB040A42AB63E5B0037215E /* ObjectView.swift */ = {isa = PBXFileReference; lastKnownFileType = sourcecode.swift; path = ObjectView.swift; sourceTree = "<group>"; };
		1AB040A92AB652F00037215E /* LICENSE.txt */ = {isa = PBXFileReference; fileEncoding = 4; lastKnownFileType = text; path = LICENSE.txt; sourceTree = "<group>"; };
		1AB040AB2AB6548D0037215E /* SynthesizerManager.swift */ = {isa = PBXFileReference; lastKnownFileType = sourcecode.swift; path = SynthesizerManager.swift; sourceTree = "<group>"; };
		1ABE4AF42AB23081004DD0EE /* YOLOv3Tiny.mlmodel */ = {isa = PBXFileReference; lastKnownFileType = file.mlmodel; path = YOLOv3Tiny.mlmodel; sourceTree = "<group>"; };
		1ACC0EE22ABA0FF000113911 /* BaseCameraManager.swift */ = {isa = PBXFileReference; lastKnownFileType = sourcecode.swift; path = BaseCameraManager.swift; sourceTree = "<group>"; };
		1AD1DBF02ABF0D320003683F /* YOLOv3Int8LUT.mlmodel */ = {isa = PBXFileReference; lastKnownFileType = file.mlmodel; path = YOLOv3Int8LUT.mlmodel; sourceTree = "<group>"; };
		1AD1E8622AC04A7F00BCA580 /* ScanDocumentView.swift */ = {isa = PBXFileReference; lastKnownFileType = sourcecode.swift; path = ScanDocumentView.swift; sourceTree = "<group>"; };
		1AD1E8652AC04B9000BCA580 /* TextRecognizerManager.swift */ = {isa = PBXFileReference; lastKnownFileType = sourcecode.swift; path = TextRecognizerManager.swift; sourceTree = "<group>"; };
		1AD1E8672AC04D4A00BCA580 /* DocumentPickerView.swift */ = {isa = PBXFileReference; lastKnownFileType = sourcecode.swift; path = DocumentPickerView.swift; sourceTree = "<group>"; };
		1AD1E8692AC04F8F00BCA580 /* ScanDocumentViewModel.swift */ = {isa = PBXFileReference; lastKnownFileType = sourcecode.swift; path = ScanDocumentViewModel.swift; sourceTree = "<group>"; };
		1AF13F272AACEE3E0097E085 /* TabBarItem.swift */ = {isa = PBXFileReference; lastKnownFileType = sourcecode.swift; path = TabBarItem.swift; sourceTree = "<group>"; };
		1AF13F292AACEE600097E085 /* Tab.swift */ = {isa = PBXFileReference; lastKnownFileType = sourcecode.swift; path = Tab.swift; sourceTree = "<group>"; };
		1AF13F2B2AACEE780097E085 /* TabPosition.swift */ = {isa = PBXFileReference; lastKnownFileType = sourcecode.swift; path = TabPosition.swift; sourceTree = "<group>"; };
		1AF13F2D2AACEE890097E085 /* TabShape.swift */ = {isa = PBXFileReference; lastKnownFileType = sourcecode.swift; path = TabShape.swift; sourceTree = "<group>"; };
		3C5D3AE623F1046D6EEA1C12 /* Pods-ThesisAccessibilityHelper.release.xcconfig */ = {isa = PBXFileReference; includeInIndex = 1; lastKnownFileType = text.xcconfig; name = "Pods-ThesisAccessibilityHelper.release.xcconfig"; path = "Target Support Files/Pods-ThesisAccessibilityHelper/Pods-ThesisAccessibilityHelper.release.xcconfig"; sourceTree = "<group>"; };
		CC45CB41432DDCCFBAEFEBAC /* Pods_ThesisAccessibilityHelper.framework */ = {isa = PBXFileReference; explicitFileType = wrapper.framework; includeInIndex = 0; path = Pods_ThesisAccessibilityHelper.framework; sourceTree = BUILT_PRODUCTS_DIR; };
		FC6EE53CCF7929CF257AB5B3 /* Pods-ThesisAccessibilityHelper.debug.xcconfig */ = {isa = PBXFileReference; includeInIndex = 1; lastKnownFileType = text.xcconfig; name = "Pods-ThesisAccessibilityHelper.debug.xcconfig"; path = "Target Support Files/Pods-ThesisAccessibilityHelper/Pods-ThesisAccessibilityHelper.debug.xcconfig"; sourceTree = "<group>"; };
/* End PBXFileReference section */

/* Begin PBXFrameworksBuildPhase section */
		1AA05F722AAAFA430084568F /* Frameworks */ = {
			isa = PBXFrameworksBuildPhase;
			buildActionMask = 2147483647;
			files = (
				1A915D892AC99FB3009FE4BE /* FirebaseFunctions in Frameworks */,
				1A915D7F2AC99FB3009FE4BE /* FirebaseDatabaseSwift in Frameworks */,
				1A915D8F2AC99FB3009FE4BE /* FirebaseInAppMessagingSwift-Beta in Frameworks */,
				1A915D952AC99FB3009FE4BE /* FirebaseMessaging in Frameworks */,
				1A915D752AC99FB3009FE4BE /* FirebaseAppDistribution-Beta in Frameworks */,
				1A915D792AC99FB3009FE4BE /* FirebaseAuthCombine-Community in Frameworks */,
				1A915D852AC99FB3009FE4BE /* FirebaseFirestoreCombine-Community in Frameworks */,
				1A915D6F2AC99FB3009FE4BE /* FirebaseAnalyticsSwift in Frameworks */,
				1A915D932AC99FB3009FE4BE /* FirebaseMLModelDownloader in Frameworks */,
				1A915D712AC99FB3009FE4BE /* FirebaseAnalyticsWithoutAdIdSupport in Frameworks */,
				1A915D6B2AC99FB3009FE4BE /* FirebaseAnalytics in Frameworks */,
				1A915D872AC99FB3009FE4BE /* FirebaseFirestoreSwift in Frameworks */,
				1A915D6D2AC99FB3009FE4BE /* FirebaseAnalyticsOnDeviceConversion in Frameworks */,
				1A915D732AC99FB3009FE4BE /* FirebaseAppCheck in Frameworks */,
				1A915D972AC99FB3009FE4BE /* FirebasePerformance in Frameworks */,
				1A915D8D2AC99FB3009FE4BE /* FirebaseInAppMessaging-Beta in Frameworks */,
				1A915D8B2AC99FB3009FE4BE /* FirebaseFunctionsCombine-Community in Frameworks */,
				1A915D7B2AC99FB3009FE4BE /* FirebaseCrashlytics in Frameworks */,
				1A915D912AC99FB3009FE4BE /* FirebaseInstallations in Frameworks */,
				1A915D992AC99FB3009FE4BE /* FirebaseRemoteConfig in Frameworks */,
				1A915D9D2AC99FB3009FE4BE /* FirebaseStorage in Frameworks */,
				1A915D7D2AC99FB3009FE4BE /* FirebaseDatabase in Frameworks */,
				1A915D9F2AC99FB3009FE4BE /* FirebaseStorageCombine-Community in Frameworks */,
				1A915D672AC99DC4009FE4BE /* Pods_ThesisAccessibilityHelper.framework in Frameworks */,
				1A915D772AC99FB3009FE4BE /* FirebaseAuth in Frameworks */,
				1A915D812AC99FB3009FE4BE /* FirebaseDynamicLinks in Frameworks */,
				1A915D832AC99FB3009FE4BE /* FirebaseFirestore in Frameworks */,
				1A915D9B2AC99FB3009FE4BE /* FirebaseRemoteConfigSwift in Frameworks */,
			);
			runOnlyForDeploymentPostprocessing = 0;
		};
/* End PBXFrameworksBuildPhase section */

/* Begin PBXGroup section */
		1A5DF3C32AB48A2600A872F2 /* TabHome */ = {
			isa = PBXGroup;
			children = (
				1A5DF3CD2AB48B0300A872F2 /* TabHomeLandingView.swift */,
			);
			path = TabHome;
			sourceTree = "<group>";
		};
		1A5DF3C42AB48A3100A872F2 /* TabMap */ = {
			isa = PBXGroup;
			children = (
				1A5DF3C72AB48AB700A872F2 /* TabMapLandingView.swift */,
			);
			path = TabMap;
			sourceTree = "<group>";
		};
		1A5DF3C52AB48A4400A872F2 /* TabMenu */ = {
			isa = PBXGroup;
			children = (
				1A5DF3CF2AB4908200A872F2 /* View */,
				1A5DF3CB2AB48ADF00A872F2 /* TabMenuLandingView.swift */,
			);
			path = TabMenu;
			sourceTree = "<group>";
		};
		1A5DF3C62AB48A4E00A872F2 /* TabProfile */ = {
			isa = PBXGroup;
			children = (
				1A5DF3C92AB48ACC00A872F2 /* TabProfileLandingView.swift */,
			);
			path = TabProfile;
			sourceTree = "<group>";
		};
		1A5DF3CF2AB4908200A872F2 /* View */ = {
			isa = PBXGroup;
			children = (
				1A5DF3D02AB4909400A872F2 /* Menu */,
			);
			path = View;
			sourceTree = "<group>";
		};
		1A5DF3D02AB4909400A872F2 /* Menu */ = {
			isa = PBXGroup;
			children = (
				1AB0408D2AB5B41C0037215E /* MenuScreens */,
				1A5DF3D52AB4D43F00A872F2 /* Views */,
				1A5DF3D12AB490A700A872F2 /* MenuView.swift */,
				1A5DF3D62AB4D45900A872F2 /* MenuViewModel.swift */,
			);
			path = Menu;
			sourceTree = "<group>";
		};
		1A5DF3D52AB4D43F00A872F2 /* Views */ = {
			isa = PBXGroup;
			children = (
				1A5DF3D32AB4925500A872F2 /* MenuViewItem.swift */,
			);
			path = Views;
			sourceTree = "<group>";
		};
		1A9665CB2AACC76C0087F964 /* BaseViewModel */ = {
			isa = PBXGroup;
			children = (
				1A9665CC2AACC77A0087F964 /* BaseViewModel.swift */,
			);
			path = BaseViewModel;
			sourceTree = "<group>";
		};
		1A96BE2B2AAB38B6003DE05B /* Screens */ = {
			isa = PBXGroup;
			children = (
				1A96BE2C2AAB38C0003DE05B /* MainLanding */,
			);
			path = Screens;
			sourceTree = "<group>";
		};
		1A96BE2C2AAB38C0003DE05B /* MainLanding */ = {
			isa = PBXGroup;
			children = (
				1A5DF3C62AB48A4E00A872F2 /* TabProfile */,
				1A5DF3C52AB48A4400A872F2 /* TabMenu */,
				1A5DF3C42AB48A3100A872F2 /* TabMap */,
				1A5DF3C32AB48A2600A872F2 /* TabHome */,
				1AA05F7A2AAAFA430084568F /* TabHosterView.swift */,
				1A5A01222AADF6480060F528 /* TabHosterViewViewModel.swift */,
			);
			path = MainLanding;
			sourceTree = "<group>";
		};
		1A96BE2D2AAB3959003DE05B /* Utils+Consts */ = {
			isa = PBXGroup;
			children = (
				1AB040A82AB652CE0037215E /* License */,
				1AB040A12AB5F4320037215E /* Utils */,
				1A9A24AA2AACE1FA0005EBA0 /* Extensions */,
				1A9A24A92AACE1F20005EBA0 /* Constants */,
			);
			path = "Utils+Consts";
			sourceTree = "<group>";
		};
		1A96BE302AAB3EE7003DE05B /* Common */ = {
			isa = PBXGroup;
			children = (
				1A96BE342AAB4708003DE05B /* Localize */,
				1A96BE312AAB3EF5003DE05B /* Components */,
			);
			path = Common;
			sourceTree = "<group>";
		};
		1A96BE312AAB3EF5003DE05B /* Components */ = {
			isa = PBXGroup;
			children = (
				1AB040982AB5CD580037215E /* SingletonManagers */,
				1AF13F252AACEDB90097E085 /* TabBar */,
				1AC500442AACC6D7007D0167 /* Base */,
			);
			path = Components;
			sourceTree = "<group>";
		};
		1A96BE342AAB4708003DE05B /* Localize */ = {
			isa = PBXGroup;
			children = (
				1A96BE392AAB48AD003DE05B /* Localized.swift */,
				1A96BE372AAB4747003DE05B /* Localizable.strings */,
			);
			path = Localize;
			sourceTree = "<group>";
		};
		1A9A24A92AACE1F20005EBA0 /* Constants */ = {
			isa = PBXGroup;
			children = (
				1A96BE2E2AAB39C6003DE05B /* AppConstants.swift */,
			);
			path = Constants;
			sourceTree = "<group>";
		};
		1A9A24AA2AACE1FA0005EBA0 /* Extensions */ = {
			isa = PBXGroup;
			children = (
				1A9A24AB2AACE21A0005EBA0 /* ViewModifier+Sheet.swift */,
				1AB0409B2AB5CFE70037215E /* Error+Camera.swift */,
				1AB0409F2AB5DBB40037215E /* CGImage+create.swift */,
				1A9D1A832AB712F9008C30EC /* ViewModifier+GeoSize.swift */,
				1AAAE4922AC84001003704E5 /* NotificationName+Names.swift */,
			);
			path = Extensions;
			sourceTree = "<group>";
		};
		1AA05F6C2AAAFA430084568F = {
			isa = PBXGroup;
			children = (
				1AA05F772AAAFA430084568F /* ThesisAccessibilityHelper */,
				1AA05F762AAAFA430084568F /* Products */,
				E62254023F329070E6DD3982 /* Pods */,
				6912B31E966DA20D900B1A90 /* Frameworks */,
			);
			sourceTree = "<group>";
		};
		1AA05F762AAAFA430084568F /* Products */ = {
			isa = PBXGroup;
			children = (
				1AA05F752AAAFA430084568F /* ThesisAccessibilityHelper.app */,
			);
			name = Products;
			sourceTree = "<group>";
		};
		1AA05F772AAAFA430084568F /* ThesisAccessibilityHelper */ = {
			isa = PBXGroup;
			children = (
				1A915DA02AC9A0E3009FE4BE /* AppDelegate.swift */,
				1AA05F782AAAFA430084568F /* ThesisAccessibilityHelperApp.swift */,
				1A9428612ABA28230042D9BB /* Documentation.docc */,
				1ABE4AF32AB2306D004DD0EE /* Resources */,
				1A96BE302AAB3EE7003DE05B /* Common */,
				1A96BE2D2AAB3959003DE05B /* Utils+Consts */,
				1A96BE2B2AAB38B6003DE05B /* Screens */,
				1AA05F7C2AAAFA440084568F /* Assets.xcassets */,
				1AA05F862AAAFBF30084568F /* GoogleService-Info.plist */,
				1AA05F7E2AAAFA440084568F /* Preview Content */,
			);
			path = ThesisAccessibilityHelper;
			sourceTree = "<group>";
		};
		1AA05F7E2AAAFA440084568F /* Preview Content */ = {
			isa = PBXGroup;
			children = (
				1AA05F7F2AAAFA440084568F /* Preview Assets.xcassets */,
			);
			path = "Preview Content";
			sourceTree = "<group>";
		};
		1AAA6C5D2AACCD5500F1CA85 /* StateViews */ = {
			isa = PBXGroup;
			children = (
				1AAA6C5E2AACCD6300F1CA85 /* LongLoadingView.swift */,
			);
			path = StateViews;
			sourceTree = "<group>";
		};
		1AB0408D2AB5B41C0037215E /* MenuScreens */ = {
			isa = PBXGroup;
			children = (
				1AD1E8612AC0461300BCA580 /* Scan+Speaker */,
				1AB0408E2AB5BE760037215E /* ObjectDetect+TextRecognizer */,
			);
			path = MenuScreens;
			sourceTree = "<group>";
		};
		1AB0408E2AB5BE760037215E /* ObjectDetect+TextRecognizer */ = {
			isa = PBXGroup;
			children = (
				1AB040932AB5C5090037215E /* Views */,
				1AB0408F2AB5BFC00037215E /* ObjectDetectView.swift */,
				1AB040962AB5CA470037215E /* ObjectDetectViewModel.swift */,
			);
			path = "ObjectDetect+TextRecognizer";
			sourceTree = "<group>";
		};
		1AB040932AB5C5090037215E /* Views */ = {
			isa = PBXGroup;
			children = (
				1AB040942AB5C51E0037215E /* CameraFrameView.swift */,
				1AB040A42AB63E5B0037215E /* ObjectView.swift */,
			);
			path = Views;
			sourceTree = "<group>";
		};
		1AB040982AB5CD580037215E /* SingletonManagers */ = {
			isa = PBXGroup;
			children = (
				1ACC0EE12ABA0FE400113911 /* Base */,
				1AB040992AB5CD6B0037215E /* CameraManager.swift */,
				1AB0409D2AB5D95A0037215E /* FrameManager.swift */,
				1AB040AB2AB6548D0037215E /* SynthesizerManager.swift */,
				1AD1E8652AC04B9000BCA580 /* TextRecognizerManager.swift */,
			);
			path = SingletonManagers;
			sourceTree = "<group>";
		};
		1AB040A12AB5F4320037215E /* Utils */ = {
			isa = PBXGroup;
			children = (
				1AB040A22AB5F4490037215E /* NavigationButton.swift */,
			);
			path = Utils;
			sourceTree = "<group>";
		};
		1AB040A82AB652CE0037215E /* License */ = {
			isa = PBXGroup;
			children = (
				1AB040A92AB652F00037215E /* LICENSE.txt */,
			);
			path = License;
			sourceTree = "<group>";
		};
		1ABE4AF32AB2306D004DD0EE /* Resources */ = {
			isa = PBXGroup;
			children = (
				1AD1DBF02ABF0D320003683F /* YOLOv3Int8LUT.mlmodel */,
				1ABE4AF42AB23081004DD0EE /* YOLOv3Tiny.mlmodel */,
			);
			path = Resources;
			sourceTree = "<group>";
		};
		1AC500442AACC6D7007D0167 /* Base */ = {
			isa = PBXGroup;
			children = (
				1AAA6C5D2AACCD5500F1CA85 /* StateViews */,
				1A9665CB2AACC76C0087F964 /* BaseViewModel */,
				1AC500452AACC6DE007D0167 /* BaseView */,
			);
			path = Base;
			sourceTree = "<group>";
		};
		1AC500452AACC6DE007D0167 /* BaseView */ = {
			isa = PBXGroup;
			children = (
				1A9665C92AACC6FC0087F964 /* BaseView.swift */,
			);
			path = BaseView;
			sourceTree = "<group>";
		};
		1ACC0EE12ABA0FE400113911 /* Base */ = {
			isa = PBXGroup;
			children = (
				1ACC0EE22ABA0FF000113911 /* BaseCameraManager.swift */,
			);
			path = Base;
			sourceTree = "<group>";
		};
		1AD1E8612AC0461300BCA580 /* Scan+Speaker */ = {
			isa = PBXGroup;
			children = (
				1AD1E8642AC04AE200BCA580 /* View */,
				1AD1E8622AC04A7F00BCA580 /* ScanDocumentView.swift */,
				1AD1E8692AC04F8F00BCA580 /* ScanDocumentViewModel.swift */,
			);
			path = "Scan+Speaker";
			sourceTree = "<group>";
		};
		1AD1E8642AC04AE200BCA580 /* View */ = {
			isa = PBXGroup;
			children = (
				1AD1E8672AC04D4A00BCA580 /* DocumentPickerView.swift */,
			);
			path = View;
			sourceTree = "<group>";
		};
		1AF13F252AACEDB90097E085 /* TabBar */ = {
			isa = PBXGroup;
			children = (
				1AF13F262AACEDC50097E085 /* TabBarHelper */,
			);
			path = TabBar;
			sourceTree = "<group>";
		};
		1AF13F262AACEDC50097E085 /* TabBarHelper */ = {
			isa = PBXGroup;
			children = (
				1AF13F272AACEE3E0097E085 /* TabBarItem.swift */,
				1AF13F292AACEE600097E085 /* Tab.swift */,
				1AF13F2B2AACEE780097E085 /* TabPosition.swift */,
				1AF13F2D2AACEE890097E085 /* TabShape.swift */,
			);
			path = TabBarHelper;
			sourceTree = "<group>";
		};
		6912B31E966DA20D900B1A90 /* Frameworks */ = {
			isa = PBXGroup;
			children = (
				CC45CB41432DDCCFBAEFEBAC /* Pods_ThesisAccessibilityHelper.framework */,
			);
			name = Frameworks;
			sourceTree = "<group>";
		};
		E62254023F329070E6DD3982 /* Pods */ = {
			isa = PBXGroup;
			children = (
				FC6EE53CCF7929CF257AB5B3 /* Pods-ThesisAccessibilityHelper.debug.xcconfig */,
				3C5D3AE623F1046D6EEA1C12 /* Pods-ThesisAccessibilityHelper.release.xcconfig */,
			);
			path = Pods;
			sourceTree = "<group>";
		};
/* End PBXGroup section */

/* Begin PBXNativeTarget section */
		1AA05F742AAAFA430084568F /* ThesisAccessibilityHelper */ = {
			isa = PBXNativeTarget;
			buildConfigurationList = 1AA05F832AAAFA440084568F /* Build configuration list for PBXNativeTarget "ThesisAccessibilityHelper" */;
			buildPhases = (
				7D7C19F163CB0128E861D61B /* [CP] Check Pods Manifest.lock */,
				1AA05F712AAAFA430084568F /* Sources */,
				1AA05F722AAAFA430084568F /* Frameworks */,
				1AA05F732AAAFA430084568F /* Resources */,
				1AA05F882AAB0C6E0084568F /* ShellScript */,
				1AAAE4912AC8110F003704E5 /* Embed Frameworks */,
				BF975C4F92CFD4CBE6952463 /* [CP] Embed Pods Frameworks */,
			);
			buildRules = (
			);
			dependencies = (
			);
			name = ThesisAccessibilityHelper;
			packageProductDependencies = (
				1A915D6A2AC99FB3009FE4BE /* FirebaseAnalytics */,
				1A915D6C2AC99FB3009FE4BE /* FirebaseAnalyticsOnDeviceConversion */,
				1A915D6E2AC99FB3009FE4BE /* FirebaseAnalyticsSwift */,
				1A915D702AC99FB3009FE4BE /* FirebaseAnalyticsWithoutAdIdSupport */,
				1A915D722AC99FB3009FE4BE /* FirebaseAppCheck */,
				1A915D742AC99FB3009FE4BE /* FirebaseAppDistribution-Beta */,
				1A915D762AC99FB3009FE4BE /* FirebaseAuth */,
				1A915D782AC99FB3009FE4BE /* FirebaseAuthCombine-Community */,
				1A915D7A2AC99FB3009FE4BE /* FirebaseCrashlytics */,
				1A915D7C2AC99FB3009FE4BE /* FirebaseDatabase */,
				1A915D7E2AC99FB3009FE4BE /* FirebaseDatabaseSwift */,
				1A915D802AC99FB3009FE4BE /* FirebaseDynamicLinks */,
				1A915D822AC99FB3009FE4BE /* FirebaseFirestore */,
				1A915D842AC99FB3009FE4BE /* FirebaseFirestoreCombine-Community */,
				1A915D862AC99FB3009FE4BE /* FirebaseFirestoreSwift */,
				1A915D882AC99FB3009FE4BE /* FirebaseFunctions */,
				1A915D8A2AC99FB3009FE4BE /* FirebaseFunctionsCombine-Community */,
				1A915D8C2AC99FB3009FE4BE /* FirebaseInAppMessaging-Beta */,
				1A915D8E2AC99FB3009FE4BE /* FirebaseInAppMessagingSwift-Beta */,
				1A915D902AC99FB3009FE4BE /* FirebaseInstallations */,
				1A915D922AC99FB3009FE4BE /* FirebaseMLModelDownloader */,
				1A915D942AC99FB3009FE4BE /* FirebaseMessaging */,
				1A915D962AC99FB3009FE4BE /* FirebasePerformance */,
				1A915D982AC99FB3009FE4BE /* FirebaseRemoteConfig */,
				1A915D9A2AC99FB3009FE4BE /* FirebaseRemoteConfigSwift */,
				1A915D9C2AC99FB3009FE4BE /* FirebaseStorage */,
				1A915D9E2AC99FB3009FE4BE /* FirebaseStorageCombine-Community */,
			);
			productName = ThesisAccessibilityHelper;
			productReference = 1AA05F752AAAFA430084568F /* ThesisAccessibilityHelper.app */;
			productType = "com.apple.product-type.application";
		};
/* End PBXNativeTarget section */

/* Begin PBXProject section */
		1AA05F6D2AAAFA430084568F /* Project object */ = {
			isa = PBXProject;
			attributes = {
				BuildIndependentTargetsInParallel = 1;
				LastSwiftUpdateCheck = 1430;
				LastUpgradeCheck = 1430;
				TargetAttributes = {
					1AA05F742AAAFA430084568F = {
						CreatedOnToolsVersion = 14.3.1;
					};
				};
			};
			buildConfigurationList = 1AA05F702AAAFA430084568F /* Build configuration list for PBXProject "ThesisAccessibilityHelper" */;
			compatibilityVersion = "Xcode 14.0";
			developmentRegion = en;
			hasScannedForEncodings = 0;
			knownRegions = (
				en,
				Base,
				hu,
			);
			mainGroup = 1AA05F6C2AAAFA430084568F;
			packageReferences = (
				1A915D692AC99FB2009FE4BE /* XCRemoteSwiftPackageReference "firebase-ios-sdk" */,
			);
			productRefGroup = 1AA05F762AAAFA430084568F /* Products */;
			projectDirPath = "";
			projectRoot = "";
			targets = (
				1AA05F742AAAFA430084568F /* ThesisAccessibilityHelper */,
			);
		};
/* End PBXProject section */

/* Begin PBXResourcesBuildPhase section */
		1AA05F732AAAFA430084568F /* Resources */ = {
			isa = PBXResourcesBuildPhase;
			buildActionMask = 2147483647;
			files = (
				1AA05F802AAAFA440084568F /* Preview Assets.xcassets in Resources */,
				1A96BE352AAB4747003DE05B /* Localizable.strings in Resources */,
				1AA05F7D2AAAFA440084568F /* Assets.xcassets in Resources */,
				1AB040AA2AB652F00037215E /* LICENSE.txt in Resources */,
				1AA05F872AAAFBF30084568F /* GoogleService-Info.plist in Resources */,
			);
			runOnlyForDeploymentPostprocessing = 0;
		};
/* End PBXResourcesBuildPhase section */

/* Begin PBXShellScriptBuildPhase section */
		1AA05F882AAB0C6E0084568F /* ShellScript */ = {
			isa = PBXShellScriptBuildPhase;
			buildActionMask = 12;
			files = (
			);
			inputFileListPaths = (
			);
			inputPaths = (
			);
			outputFileListPaths = (
			);
			outputPaths = (
			);
			runOnlyForDeploymentPostprocessing = 0;
			shellPath = /bin/sh;
			shellScript = "if which \"${PODS_ROOT}/SwiftLint/swiftlint\" >/dev/null; then\n    \"${PODS_ROOT}/SwiftLint/swiftlint\" --config \"${PROJECT_DIR}/.swiftlint.yml\"\nelse\n    echo \"warning: SwiftLint not installed, run: pod install\"\nfi\n\n";
		};
		7D7C19F163CB0128E861D61B /* [CP] Check Pods Manifest.lock */ = {
			isa = PBXShellScriptBuildPhase;
			buildActionMask = 2147483647;
			files = (
			);
			inputFileListPaths = (
			);
			inputPaths = (
				"${PODS_PODFILE_DIR_PATH}/Podfile.lock",
				"${PODS_ROOT}/Manifest.lock",
			);
			name = "[CP] Check Pods Manifest.lock";
			outputFileListPaths = (
			);
			outputPaths = (
				"$(DERIVED_FILE_DIR)/Pods-ThesisAccessibilityHelper-checkManifestLockResult.txt",
			);
			runOnlyForDeploymentPostprocessing = 0;
			shellPath = /bin/sh;
			shellScript = "diff \"${PODS_PODFILE_DIR_PATH}/Podfile.lock\" \"${PODS_ROOT}/Manifest.lock\" > /dev/null\nif [ $? != 0 ] ; then\n    # print error to STDERR\n    echo \"error: The sandbox is not in sync with the Podfile.lock. Run 'pod install' or update your CocoaPods installation.\" >&2\n    exit 1\nfi\n# This output is used by Xcode 'outputs' to avoid re-running this script phase.\necho \"SUCCESS\" > \"${SCRIPT_OUTPUT_FILE_0}\"\n";
			showEnvVarsInLog = 0;
		};
		BF975C4F92CFD4CBE6952463 /* [CP] Embed Pods Frameworks */ = {
			isa = PBXShellScriptBuildPhase;
			buildActionMask = 2147483647;
			files = (
			);
			inputFileListPaths = (
				"${PODS_ROOT}/Target Support Files/Pods-ThesisAccessibilityHelper/Pods-ThesisAccessibilityHelper-frameworks-${CONFIGURATION}-input-files.xcfilelist",
			);
			name = "[CP] Embed Pods Frameworks";
			outputFileListPaths = (
				"${PODS_ROOT}/Target Support Files/Pods-ThesisAccessibilityHelper/Pods-ThesisAccessibilityHelper-frameworks-${CONFIGURATION}-output-files.xcfilelist",
			);
			runOnlyForDeploymentPostprocessing = 0;
			shellPath = /bin/sh;
			shellScript = "\"${PODS_ROOT}/Target Support Files/Pods-ThesisAccessibilityHelper/Pods-ThesisAccessibilityHelper-frameworks.sh\"\n";
			showEnvVarsInLog = 0;
		};
/* End PBXShellScriptBuildPhase section */

/* Begin PBXSourcesBuildPhase section */
		1AA05F712AAAFA430084568F /* Sources */ = {
			isa = PBXSourcesBuildPhase;
			buildActionMask = 2147483647;
			files = (
				1A9D1A842AB712F9008C30EC /* ViewModifier+GeoSize.swift in Sources */,
				1AB040902AB5BFC00037215E /* ObjectDetectView.swift in Sources */,
				1ACC0EE32ABA0FF000113911 /* BaseCameraManager.swift in Sources */,
				1A5DF3D42AB4925500A872F2 /* MenuViewItem.swift in Sources */,
				1A915DA12AC9A0E3009FE4BE /* AppDelegate.swift in Sources */,
				1AD1E8632AC04A7F00BCA580 /* ScanDocumentView.swift in Sources */,
				1AA05F7B2AAAFA430084568F /* TabHosterView.swift in Sources */,
				1A9A24AC2AACE21A0005EBA0 /* ViewModifier+Sheet.swift in Sources */,
				1AB0409A2AB5CD6B0037215E /* CameraManager.swift in Sources */,
				1AB0409C2AB5CFE70037215E /* Error+Camera.swift in Sources */,
				1AF13F2C2AACEE780097E085 /* TabPosition.swift in Sources */,
				1AD1DBF12ABF0D320003683F /* YOLOv3Int8LUT.mlmodel in Sources */,
				1AB040A52AB63E5B0037215E /* ObjectView.swift in Sources */,
				1AB0409E2AB5D95A0037215E /* FrameManager.swift in Sources */,
				1A5DF3D22AB490A700A872F2 /* MenuView.swift in Sources */,
				1AAAE4932AC84001003704E5 /* NotificationName+Names.swift in Sources */,
				1AAA6C5F2AACCD6300F1CA85 /* LongLoadingView.swift in Sources */,
				1A9428622ABA28230042D9BB /* Documentation.docc in Sources */,
				1AB040AC2AB6548D0037215E /* SynthesizerManager.swift in Sources */,
				1A5DF3C82AB48AB700A872F2 /* TabMapLandingView.swift in Sources */,
				1AF13F282AACEE3E0097E085 /* TabBarItem.swift in Sources */,
				1AD1E8682AC04D4A00BCA580 /* DocumentPickerView.swift in Sources */,
				1A5DF3CA2AB48ACC00A872F2 /* TabProfileLandingView.swift in Sources */,
				1AB040972AB5CA470037215E /* ObjectDetectViewModel.swift in Sources */,
				1AB040952AB5C51E0037215E /* CameraFrameView.swift in Sources */,
				1A96BE3A2AAB48AD003DE05B /* Localized.swift in Sources */,
				1A9665CA2AACC6FC0087F964 /* BaseView.swift in Sources */,
				1A96BE2F2AAB39C6003DE05B /* AppConstants.swift in Sources */,
				1AF13F2A2AACEE600097E085 /* Tab.swift in Sources */,
				1AB040A02AB5DBB40037215E /* CGImage+create.swift in Sources */,
				1ABE4AF52AB23081004DD0EE /* YOLOv3Tiny.mlmodel in Sources */,
				1AB040A32AB5F4490037215E /* NavigationButton.swift in Sources */,
				1AD1E86A2AC04F8F00BCA580 /* ScanDocumentViewModel.swift in Sources */,
				1AF13F2E2AACEE890097E085 /* TabShape.swift in Sources */,
				1A5DF3D72AB4D45900A872F2 /* MenuViewModel.swift in Sources */,
				1AA05F792AAAFA430084568F /* ThesisAccessibilityHelperApp.swift in Sources */,
				1A9665CD2AACC77A0087F964 /* BaseViewModel.swift in Sources */,
				1A5DF3CC2AB48ADF00A872F2 /* TabMenuLandingView.swift in Sources */,
				1A5A01232AADF6480060F528 /* TabHosterViewViewModel.swift in Sources */,
				1AD1E8662AC04B9000BCA580 /* TextRecognizerManager.swift in Sources */,
				1A5DF3CE2AB48B0300A872F2 /* TabHomeLandingView.swift in Sources */,
			);
			runOnlyForDeploymentPostprocessing = 0;
		};
/* End PBXSourcesBuildPhase section */

/* Begin PBXVariantGroup section */
		1A96BE372AAB4747003DE05B /* Localizable.strings */ = {
			isa = PBXVariantGroup;
			children = (
				1A96BE362AAB4747003DE05B /* en */,
				1A96BE382AAB4756003DE05B /* hu */,
			);
			name = Localizable.strings;
			sourceTree = "<group>";
		};
/* End PBXVariantGroup section */

/* Begin XCBuildConfiguration section */
		1AA05F812AAAFA440084568F /* Debug */ = {
			isa = XCBuildConfiguration;
			buildSettings = {
				ALWAYS_SEARCH_USER_PATHS = NO;
				CLANG_ANALYZER_LOCALIZABILITY_NONLOCALIZED = YES;
				CLANG_ANALYZER_NONNULL = YES;
				CLANG_ANALYZER_NUMBER_OBJECT_CONVERSION = YES_AGGRESSIVE;
				CLANG_CXX_LANGUAGE_STANDARD = "gnu++20";
				CLANG_ENABLE_MODULES = YES;
				CLANG_ENABLE_OBJC_ARC = YES;
				CLANG_ENABLE_OBJC_WEAK = YES;
				CLANG_WARN_BLOCK_CAPTURE_AUTORELEASING = YES;
				CLANG_WARN_BOOL_CONVERSION = YES;
				CLANG_WARN_COMMA = YES;
				CLANG_WARN_CONSTANT_CONVERSION = YES;
				CLANG_WARN_DEPRECATED_OBJC_IMPLEMENTATIONS = YES;
				CLANG_WARN_DIRECT_OBJC_ISA_USAGE = YES_ERROR;
				CLANG_WARN_DOCUMENTATION_COMMENTS = YES;
				CLANG_WARN_EMPTY_BODY = YES;
				CLANG_WARN_ENUM_CONVERSION = YES;
				CLANG_WARN_INFINITE_RECURSION = YES;
				CLANG_WARN_INT_CONVERSION = YES;
				CLANG_WARN_NON_LITERAL_NULL_CONVERSION = YES;
				CLANG_WARN_OBJC_IMPLICIT_RETAIN_SELF = YES;
				CLANG_WARN_OBJC_LITERAL_CONVERSION = YES;
				CLANG_WARN_OBJC_ROOT_CLASS = YES_ERROR;
				CLANG_WARN_QUOTED_INCLUDE_IN_FRAMEWORK_HEADER = YES;
				CLANG_WARN_RANGE_LOOP_ANALYSIS = YES;
				CLANG_WARN_STRICT_PROTOTYPES = YES;
				CLANG_WARN_SUSPICIOUS_MOVE = YES;
				CLANG_WARN_UNGUARDED_AVAILABILITY = YES_AGGRESSIVE;
				CLANG_WARN_UNREACHABLE_CODE = YES;
				CLANG_WARN__DUPLICATE_METHOD_MATCH = YES;
				COPY_PHASE_STRIP = NO;
				DEBUG_INFORMATION_FORMAT = dwarf;
				ENABLE_STRICT_OBJC_MSGSEND = YES;
				ENABLE_TESTABILITY = YES;
				GCC_C_LANGUAGE_STANDARD = gnu11;
				GCC_DYNAMIC_NO_PIC = NO;
				GCC_NO_COMMON_BLOCKS = YES;
				GCC_OPTIMIZATION_LEVEL = 0;
				GCC_PREPROCESSOR_DEFINITIONS = (
					"DEBUG=1",
					"$(inherited)",
				);
				GCC_WARN_64_TO_32_BIT_CONVERSION = YES;
				GCC_WARN_ABOUT_RETURN_TYPE = YES_ERROR;
				GCC_WARN_UNDECLARED_SELECTOR = YES;
				GCC_WARN_UNINITIALIZED_AUTOS = YES_AGGRESSIVE;
				GCC_WARN_UNUSED_FUNCTION = YES;
				GCC_WARN_UNUSED_VARIABLE = YES;
				IPHONEOS_DEPLOYMENT_TARGET = 16.4;
				MTL_ENABLE_DEBUG_INFO = INCLUDE_SOURCE;
				MTL_FAST_MATH = YES;
				ONLY_ACTIVE_ARCH = YES;
				SDKROOT = iphoneos;
				SWIFT_ACTIVE_COMPILATION_CONDITIONS = DEBUG;
				SWIFT_OPTIMIZATION_LEVEL = "-Onone";
			};
			name = Debug;
		};
		1AA05F822AAAFA440084568F /* Release */ = {
			isa = XCBuildConfiguration;
			buildSettings = {
				ALWAYS_SEARCH_USER_PATHS = NO;
				CLANG_ANALYZER_LOCALIZABILITY_NONLOCALIZED = YES;
				CLANG_ANALYZER_NONNULL = YES;
				CLANG_ANALYZER_NUMBER_OBJECT_CONVERSION = YES_AGGRESSIVE;
				CLANG_CXX_LANGUAGE_STANDARD = "gnu++20";
				CLANG_ENABLE_MODULES = YES;
				CLANG_ENABLE_OBJC_ARC = YES;
				CLANG_ENABLE_OBJC_WEAK = YES;
				CLANG_WARN_BLOCK_CAPTURE_AUTORELEASING = YES;
				CLANG_WARN_BOOL_CONVERSION = YES;
				CLANG_WARN_COMMA = YES;
				CLANG_WARN_CONSTANT_CONVERSION = YES;
				CLANG_WARN_DEPRECATED_OBJC_IMPLEMENTATIONS = YES;
				CLANG_WARN_DIRECT_OBJC_ISA_USAGE = YES_ERROR;
				CLANG_WARN_DOCUMENTATION_COMMENTS = YES;
				CLANG_WARN_EMPTY_BODY = YES;
				CLANG_WARN_ENUM_CONVERSION = YES;
				CLANG_WARN_INFINITE_RECURSION = YES;
				CLANG_WARN_INT_CONVERSION = YES;
				CLANG_WARN_NON_LITERAL_NULL_CONVERSION = YES;
				CLANG_WARN_OBJC_IMPLICIT_RETAIN_SELF = YES;
				CLANG_WARN_OBJC_LITERAL_CONVERSION = YES;
				CLANG_WARN_OBJC_ROOT_CLASS = YES_ERROR;
				CLANG_WARN_QUOTED_INCLUDE_IN_FRAMEWORK_HEADER = YES;
				CLANG_WARN_RANGE_LOOP_ANALYSIS = YES;
				CLANG_WARN_STRICT_PROTOTYPES = YES;
				CLANG_WARN_SUSPICIOUS_MOVE = YES;
				CLANG_WARN_UNGUARDED_AVAILABILITY = YES_AGGRESSIVE;
				CLANG_WARN_UNREACHABLE_CODE = YES;
				CLANG_WARN__DUPLICATE_METHOD_MATCH = YES;
				COPY_PHASE_STRIP = NO;
				DEBUG_INFORMATION_FORMAT = "dwarf-with-dsym";
				ENABLE_NS_ASSERTIONS = NO;
				ENABLE_STRICT_OBJC_MSGSEND = YES;
				GCC_C_LANGUAGE_STANDARD = gnu11;
				GCC_NO_COMMON_BLOCKS = YES;
				GCC_WARN_64_TO_32_BIT_CONVERSION = YES;
				GCC_WARN_ABOUT_RETURN_TYPE = YES_ERROR;
				GCC_WARN_UNDECLARED_SELECTOR = YES;
				GCC_WARN_UNINITIALIZED_AUTOS = YES_AGGRESSIVE;
				GCC_WARN_UNUSED_FUNCTION = YES;
				GCC_WARN_UNUSED_VARIABLE = YES;
				IPHONEOS_DEPLOYMENT_TARGET = 16.4;
				MTL_ENABLE_DEBUG_INFO = NO;
				MTL_FAST_MATH = YES;
				SDKROOT = iphoneos;
				SWIFT_COMPILATION_MODE = wholemodule;
				SWIFT_OPTIMIZATION_LEVEL = "-O";
				VALIDATE_PRODUCT = YES;
			};
			name = Release;
		};
		1AA05F842AAAFA440084568F /* Debug */ = {
			isa = XCBuildConfiguration;
			baseConfigurationReference = FC6EE53CCF7929CF257AB5B3 /* Pods-ThesisAccessibilityHelper.debug.xcconfig */;
			buildSettings = {
				ASSETCATALOG_COMPILER_APPICON_NAME = AppIcon;
				ASSETCATALOG_COMPILER_GLOBAL_ACCENT_COLOR_NAME = AccentColor;
				CODE_SIGN_STYLE = Automatic;
				CURRENT_PROJECT_VERSION = 1;
				DEVELOPMENT_ASSET_PATHS = "\"ThesisAccessibilityHelper/Preview Content\"";
				DEVELOPMENT_TEAM = N3LA7VX648;
				ENABLE_PREVIEWS = YES;
				FRAMEWORK_SEARCH_PATHS = "";
				GENERATE_INFOPLIST_FILE = YES;
				HEADER_SEARCH_PATHS = "";
				INFOPLIST_KEY_NSCameraUsageDescription = "Camera pls";
				INFOPLIST_KEY_NSPhotoLibraryUsageDescription = "Lib pls";
				INFOPLIST_KEY_UIApplicationSceneManifest_Generation = YES;
				INFOPLIST_KEY_UIApplicationSupportsIndirectInputEvents = YES;
				INFOPLIST_KEY_UILaunchScreen_Generation = YES;
				INFOPLIST_KEY_UIStatusBarStyle = "";
				INFOPLIST_KEY_UISupportedInterfaceOrientations = UIInterfaceOrientationPortrait;
				INFOPLIST_KEY_UISupportedInterfaceOrientations_iPad = "UIInterfaceOrientationLandscapeLeft UIInterfaceOrientationLandscapeRight UIInterfaceOrientationPortrait UIInterfaceOrientationPortraitUpsideDown";
				LD_RUNPATH_SEARCH_PATHS = (
					"$(inherited)",
					"@executable_path/Frameworks",
				);
				MARKETING_VERSION = 1.0;
				OTHER_LDFLAGS = "";
				PRODUCT_BUNDLE_IDENTIFIER = DuT0mi.ThesisAccessibilityHelper;
				PRODUCT_NAME = "$(TARGET_NAME)";
				SWIFT_EMIT_LOC_STRINGS = YES;
				SWIFT_VERSION = 5.0;
				TARGETED_DEVICE_FAMILY = "1,2";
			};
			name = Debug;
		};
		1AA05F852AAAFA440084568F /* Release */ = {
			isa = XCBuildConfiguration;
			baseConfigurationReference = 3C5D3AE623F1046D6EEA1C12 /* Pods-ThesisAccessibilityHelper.release.xcconfig */;
			buildSettings = {
				ASSETCATALOG_COMPILER_APPICON_NAME = AppIcon;
				ASSETCATALOG_COMPILER_GLOBAL_ACCENT_COLOR_NAME = AccentColor;
				CODE_SIGN_STYLE = Automatic;
				CURRENT_PROJECT_VERSION = 1;
				DEVELOPMENT_ASSET_PATHS = "\"ThesisAccessibilityHelper/Preview Content\"";
				DEVELOPMENT_TEAM = N3LA7VX648;
				ENABLE_PREVIEWS = YES;
				FRAMEWORK_SEARCH_PATHS = "";
				GENERATE_INFOPLIST_FILE = YES;
				HEADER_SEARCH_PATHS = "";
				INFOPLIST_KEY_NSCameraUsageDescription = "Camera pls";
				INFOPLIST_KEY_NSPhotoLibraryUsageDescription = "Lib pls";
				INFOPLIST_KEY_UIApplicationSceneManifest_Generation = YES;
				INFOPLIST_KEY_UIApplicationSupportsIndirectInputEvents = YES;
				INFOPLIST_KEY_UILaunchScreen_Generation = YES;
				INFOPLIST_KEY_UIStatusBarStyle = "";
				INFOPLIST_KEY_UISupportedInterfaceOrientations = UIInterfaceOrientationPortrait;
				INFOPLIST_KEY_UISupportedInterfaceOrientations_iPad = "UIInterfaceOrientationLandscapeLeft UIInterfaceOrientationLandscapeRight UIInterfaceOrientationPortrait UIInterfaceOrientationPortraitUpsideDown";
				LD_RUNPATH_SEARCH_PATHS = (
					"$(inherited)",
					"@executable_path/Frameworks",
				);
				MARKETING_VERSION = 1.0;
				OTHER_LDFLAGS = "";
				PRODUCT_BUNDLE_IDENTIFIER = DuT0mi.ThesisAccessibilityHelper;
				PRODUCT_NAME = "$(TARGET_NAME)";
				SWIFT_EMIT_LOC_STRINGS = YES;
				SWIFT_VERSION = 5.0;
				TARGETED_DEVICE_FAMILY = "1,2";
			};
			name = Release;
		};
/* End XCBuildConfiguration section */

/* Begin XCConfigurationList section */
		1AA05F702AAAFA430084568F /* Build configuration list for PBXProject "ThesisAccessibilityHelper" */ = {
			isa = XCConfigurationList;
			buildConfigurations = (
				1AA05F812AAAFA440084568F /* Debug */,
				1AA05F822AAAFA440084568F /* Release */,
			);
			defaultConfigurationIsVisible = 0;
			defaultConfigurationName = Release;
		};
		1AA05F832AAAFA440084568F /* Build configuration list for PBXNativeTarget "ThesisAccessibilityHelper" */ = {
			isa = XCConfigurationList;
			buildConfigurations = (
				1AA05F842AAAFA440084568F /* Debug */,
				1AA05F852AAAFA440084568F /* Release */,
			);
			defaultConfigurationIsVisible = 0;
			defaultConfigurationName = Release;
		};
/* End XCConfigurationList section */

/* Begin XCRemoteSwiftPackageReference section */
		1A915D692AC99FB2009FE4BE /* XCRemoteSwiftPackageReference "firebase-ios-sdk" */ = {
			isa = XCRemoteSwiftPackageReference;
			repositoryURL = "https://github.com/firebase/firebase-ios-sdk";
			requirement = {
				kind = upToNextMajorVersion;
				minimumVersion = 10.15.0;
			};
		};
/* End XCRemoteSwiftPackageReference section */

/* Begin XCSwiftPackageProductDependency section */
		1A915D6A2AC99FB3009FE4BE /* FirebaseAnalytics */ = {
			isa = XCSwiftPackageProductDependency;
			package = 1A915D692AC99FB2009FE4BE /* XCRemoteSwiftPackageReference "firebase-ios-sdk" */;
			productName = FirebaseAnalytics;
		};
		1A915D6C2AC99FB3009FE4BE /* FirebaseAnalyticsOnDeviceConversion */ = {
			isa = XCSwiftPackageProductDependency;
			package = 1A915D692AC99FB2009FE4BE /* XCRemoteSwiftPackageReference "firebase-ios-sdk" */;
			productName = FirebaseAnalyticsOnDeviceConversion;
		};
		1A915D6E2AC99FB3009FE4BE /* FirebaseAnalyticsSwift */ = {
			isa = XCSwiftPackageProductDependency;
			package = 1A915D692AC99FB2009FE4BE /* XCRemoteSwiftPackageReference "firebase-ios-sdk" */;
			productName = FirebaseAnalyticsSwift;
		};
		1A915D702AC99FB3009FE4BE /* FirebaseAnalyticsWithoutAdIdSupport */ = {
			isa = XCSwiftPackageProductDependency;
			package = 1A915D692AC99FB2009FE4BE /* XCRemoteSwiftPackageReference "firebase-ios-sdk" */;
			productName = FirebaseAnalyticsWithoutAdIdSupport;
		};
		1A915D722AC99FB3009FE4BE /* FirebaseAppCheck */ = {
			isa = XCSwiftPackageProductDependency;
			package = 1A915D692AC99FB2009FE4BE /* XCRemoteSwiftPackageReference "firebase-ios-sdk" */;
			productName = FirebaseAppCheck;
		};
		1A915D742AC99FB3009FE4BE /* FirebaseAppDistribution-Beta */ = {
			isa = XCSwiftPackageProductDependency;
			package = 1A915D692AC99FB2009FE4BE /* XCRemoteSwiftPackageReference "firebase-ios-sdk" */;
			productName = "FirebaseAppDistribution-Beta";
		};
		1A915D762AC99FB3009FE4BE /* FirebaseAuth */ = {
			isa = XCSwiftPackageProductDependency;
			package = 1A915D692AC99FB2009FE4BE /* XCRemoteSwiftPackageReference "firebase-ios-sdk" */;
			productName = FirebaseAuth;
		};
		1A915D782AC99FB3009FE4BE /* FirebaseAuthCombine-Community */ = {
			isa = XCSwiftPackageProductDependency;
			package = 1A915D692AC99FB2009FE4BE /* XCRemoteSwiftPackageReference "firebase-ios-sdk" */;
			productName = "FirebaseAuthCombine-Community";
		};
		1A915D7A2AC99FB3009FE4BE /* FirebaseCrashlytics */ = {
			isa = XCSwiftPackageProductDependency;
			package = 1A915D692AC99FB2009FE4BE /* XCRemoteSwiftPackageReference "firebase-ios-sdk" */;
			productName = FirebaseCrashlytics;
		};
		1A915D7C2AC99FB3009FE4BE /* FirebaseDatabase */ = {
			isa = XCSwiftPackageProductDependency;
			package = 1A915D692AC99FB2009FE4BE /* XCRemoteSwiftPackageReference "firebase-ios-sdk" */;
			productName = FirebaseDatabase;
		};
		1A915D7E2AC99FB3009FE4BE /* FirebaseDatabaseSwift */ = {
			isa = XCSwiftPackageProductDependency;
			package = 1A915D692AC99FB2009FE4BE /* XCRemoteSwiftPackageReference "firebase-ios-sdk" */;
			productName = FirebaseDatabaseSwift;
		};
		1A915D802AC99FB3009FE4BE /* FirebaseDynamicLinks */ = {
			isa = XCSwiftPackageProductDependency;
			package = 1A915D692AC99FB2009FE4BE /* XCRemoteSwiftPackageReference "firebase-ios-sdk" */;
			productName = FirebaseDynamicLinks;
		};
		1A915D822AC99FB3009FE4BE /* FirebaseFirestore */ = {
			isa = XCSwiftPackageProductDependency;
			package = 1A915D692AC99FB2009FE4BE /* XCRemoteSwiftPackageReference "firebase-ios-sdk" */;
			productName = FirebaseFirestore;
		};
		1A915D842AC99FB3009FE4BE /* FirebaseFirestoreCombine-Community */ = {
			isa = XCSwiftPackageProductDependency;
			package = 1A915D692AC99FB2009FE4BE /* XCRemoteSwiftPackageReference "firebase-ios-sdk" */;
			productName = "FirebaseFirestoreCombine-Community";
		};
		1A915D862AC99FB3009FE4BE /* FirebaseFirestoreSwift */ = {
			isa = XCSwiftPackageProductDependency;
			package = 1A915D692AC99FB2009FE4BE /* XCRemoteSwiftPackageReference "firebase-ios-sdk" */;
			productName = FirebaseFirestoreSwift;
		};
		1A915D882AC99FB3009FE4BE /* FirebaseFunctions */ = {
			isa = XCSwiftPackageProductDependency;
			package = 1A915D692AC99FB2009FE4BE /* XCRemoteSwiftPackageReference "firebase-ios-sdk" */;
			productName = FirebaseFunctions;
		};
		1A915D8A2AC99FB3009FE4BE /* FirebaseFunctionsCombine-Community */ = {
			isa = XCSwiftPackageProductDependency;
			package = 1A915D692AC99FB2009FE4BE /* XCRemoteSwiftPackageReference "firebase-ios-sdk" */;
			productName = "FirebaseFunctionsCombine-Community";
		};
		1A915D8C2AC99FB3009FE4BE /* FirebaseInAppMessaging-Beta */ = {
			isa = XCSwiftPackageProductDependency;
			package = 1A915D692AC99FB2009FE4BE /* XCRemoteSwiftPackageReference "firebase-ios-sdk" */;
			productName = "FirebaseInAppMessaging-Beta";
		};
		1A915D8E2AC99FB3009FE4BE /* FirebaseInAppMessagingSwift-Beta */ = {
			isa = XCSwiftPackageProductDependency;
			package = 1A915D692AC99FB2009FE4BE /* XCRemoteSwiftPackageReference "firebase-ios-sdk" */;
			productName = "FirebaseInAppMessagingSwift-Beta";
		};
		1A915D902AC99FB3009FE4BE /* FirebaseInstallations */ = {
			isa = XCSwiftPackageProductDependency;
			package = 1A915D692AC99FB2009FE4BE /* XCRemoteSwiftPackageReference "firebase-ios-sdk" */;
			productName = FirebaseInstallations;
		};
		1A915D922AC99FB3009FE4BE /* FirebaseMLModelDownloader */ = {
			isa = XCSwiftPackageProductDependency;
			package = 1A915D692AC99FB2009FE4BE /* XCRemoteSwiftPackageReference "firebase-ios-sdk" */;
			productName = FirebaseMLModelDownloader;
		};
		1A915D942AC99FB3009FE4BE /* FirebaseMessaging */ = {
			isa = XCSwiftPackageProductDependency;
			package = 1A915D692AC99FB2009FE4BE /* XCRemoteSwiftPackageReference "firebase-ios-sdk" */;
			productName = FirebaseMessaging;
		};
		1A915D962AC99FB3009FE4BE /* FirebasePerformance */ = {
			isa = XCSwiftPackageProductDependency;
			package = 1A915D692AC99FB2009FE4BE /* XCRemoteSwiftPackageReference "firebase-ios-sdk" */;
			productName = FirebasePerformance;
		};
		1A915D982AC99FB3009FE4BE /* FirebaseRemoteConfig */ = {
			isa = XCSwiftPackageProductDependency;
			package = 1A915D692AC99FB2009FE4BE /* XCRemoteSwiftPackageReference "firebase-ios-sdk" */;
			productName = FirebaseRemoteConfig;
		};
		1A915D9A2AC99FB3009FE4BE /* FirebaseRemoteConfigSwift */ = {
			isa = XCSwiftPackageProductDependency;
			package = 1A915D692AC99FB2009FE4BE /* XCRemoteSwiftPackageReference "firebase-ios-sdk" */;
			productName = FirebaseRemoteConfigSwift;
		};
		1A915D9C2AC99FB3009FE4BE /* FirebaseStorage */ = {
			isa = XCSwiftPackageProductDependency;
			package = 1A915D692AC99FB2009FE4BE /* XCRemoteSwiftPackageReference "firebase-ios-sdk" */;
			productName = FirebaseStorage;
		};
		1A915D9E2AC99FB3009FE4BE /* FirebaseStorageCombine-Community */ = {
			isa = XCSwiftPackageProductDependency;
			package = 1A915D692AC99FB2009FE4BE /* XCRemoteSwiftPackageReference "firebase-ios-sdk" */;
			productName = "FirebaseStorageCombine-Community";
		};
/* End XCSwiftPackageProductDependency section */
	};
	rootObject = 1AA05F6D2AAAFA430084568F /* Project object */;
}
